// !$*UTF8*$!
{
	archiveVersion = 1;
	classes = {
	};
	objectVersion = 55;
	objects = {

/* Begin PBXBuildFile section */
		1E6B90C427E5B2BF00161E63 /* CellView.swift in Sources */ = {isa = PBXBuildFile; fileRef = 1E6B90C327E5B2BF00161E63 /* CellView.swift */; };
		1E6B90C627E5B43F00161E63 /* Entities.swift in Sources */ = {isa = PBXBuildFile; fileRef = 1E6B90C527E5B43F00161E63 /* Entities.swift */; };
		1E6B90C827E5B4B400161E63 /* LevelDesignerView.swift in Sources */ = {isa = PBXBuildFile; fileRef = 1E6B90C727E5B4B400161E63 /* LevelDesignerView.swift */; };
		1E6B90CA27E5B55100161E63 /* PaletteView.swift in Sources */ = {isa = PBXBuildFile; fileRef = 1E6B90C927E5B55100161E63 /* PaletteView.swift */; };
		1E6B90CC27E5B6DE00161E63 /* GameGridView.swift in Sources */ = {isa = PBXBuildFile; fileRef = 1E6B90CB27E5B6DE00161E63 /* GameGridView.swift */; };
		1E6B90CE27E5B8AF00161E63 /* LevelDesignerViewModel.swift in Sources */ = {isa = PBXBuildFile; fileRef = 1E6B90CD27E5B8AF00161E63 /* LevelDesignerViewModel.swift */; };
		1E96EB8D27E7254000321BEB /* MainMenuView.swift in Sources */ = {isa = PBXBuildFile; fileRef = 1E96EB8C27E7254000321BEB /* MainMenuView.swift */; };
		1E96EB8F27E7255200321BEB /* GameState.swift in Sources */ = {isa = PBXBuildFile; fileRef = 1E96EB8E27E7255200321BEB /* GameState.swift */; };
		1E96EB9127E725DF00321BEB /* GameView.swift in Sources */ = {isa = PBXBuildFile; fileRef = 1E96EB9027E725DF00321BEB /* GameView.swift */; };
		1E96EB9327E7264100321BEB /* LevelSelectView.swift in Sources */ = {isa = PBXBuildFile; fileRef = 1E96EB9227E7264100321BEB /* LevelSelectView.swift */; };
		1E96EB9527E726CC00321BEB /* LevelPlayView.swift in Sources */ = {isa = PBXBuildFile; fileRef = 1E96EB9427E726CC00321BEB /* LevelPlayView.swift */; };
		40AD869327E6073A00F42C42 /* LevelPersistenceView.swift in Sources */ = {isa = PBXBuildFile; fileRef = 40AD869227E6073A00F42C42 /* LevelPersistenceView.swift */; };
		1ED20DB227F84C10002E7683 /* GoogleService-Info.plist in Resources */ = {isa = PBXBuildFile; fileRef = 1ED20DB127F84C10002E7683 /* GoogleService-Info.plist */; };
		1ED20DB327F84C10002E7683 /* GoogleService-Info.plist in Resources */ = {isa = PBXBuildFile; fileRef = 1ED20DB127F84C10002E7683 /* GoogleService-Info.plist */; };
		1ED20DB627F84C51002E7683 /* FirebaseAuth in Frameworks */ = {isa = PBXBuildFile; productRef = 1ED20DB527F84C51002E7683 /* FirebaseAuth */; };
		1ED20DB827F84C51002E7683 /* FirebaseAuthCombine-Community in Frameworks */ = {isa = PBXBuildFile; productRef = 1ED20DB727F84C51002E7683 /* FirebaseAuthCombine-Community */; };
		1ED20DBA27F84C51002E7683 /* FirebaseFirestore in Frameworks */ = {isa = PBXBuildFile; productRef = 1ED20DB927F84C51002E7683 /* FirebaseFirestore */; };
		1ED20DBC27F84C51002E7683 /* FirebaseFirestoreCombine-Community in Frameworks */ = {isa = PBXBuildFile; productRef = 1ED20DBB27F84C51002E7683 /* FirebaseFirestoreCombine-Community */; };
		1ED20DBE27F84C51002E7683 /* FirebaseFirestoreSwift-Beta in Frameworks */ = {isa = PBXBuildFile; productRef = 1ED20DBD27F84C51002E7683 /* FirebaseFirestoreSwift-Beta */; };
		1ED20DC127F84D2E002E7683 /* UploadedMetaLevel.swift in Sources */ = {isa = PBXBuildFile; fileRef = 1ED20DC027F84D2E002E7683 /* UploadedMetaLevel.swift */; };
		1ED20DC227F84D2E002E7683 /* UploadedMetaLevel.swift in Sources */ = {isa = PBXBuildFile; fileRef = 1ED20DC027F84D2E002E7683 /* UploadedMetaLevel.swift */; };
		1ED20DC427F84D37002E7683 /* UploadedLevel.swift in Sources */ = {isa = PBXBuildFile; fileRef = 1ED20DC327F84D37002E7683 /* UploadedLevel.swift */; };
		1ED20DC527F84D37002E7683 /* UploadedLevel.swift in Sources */ = {isa = PBXBuildFile; fileRef = 1ED20DC327F84D37002E7683 /* UploadedLevel.swift */; };
		1ED20DC727F84D40002E7683 /* UploadedChunkNode.swift in Sources */ = {isa = PBXBuildFile; fileRef = 1ED20DC627F84D40002E7683 /* UploadedChunkNode.swift */; };
		1ED20DC827F84D40002E7683 /* UploadedChunkNode.swift in Sources */ = {isa = PBXBuildFile; fileRef = 1ED20DC627F84D40002E7683 /* UploadedChunkNode.swift */; };
		1ED20DCA27F84D49002E7683 /* OpenWorldRoom.swift in Sources */ = {isa = PBXBuildFile; fileRef = 1ED20DC927F84D49002E7683 /* OpenWorldRoom.swift */; };
		1ED20DCB27F84D49002E7683 /* OpenWorldRoom.swift in Sources */ = {isa = PBXBuildFile; fileRef = 1ED20DC927F84D49002E7683 /* OpenWorldRoom.swift */; };
		1ED20DCD27F84D52002E7683 /* MetaLevelRoom.swift in Sources */ = {isa = PBXBuildFile; fileRef = 1ED20DCC27F84D52002E7683 /* MetaLevelRoom.swift */; };
		1ED20DCE27F84D52002E7683 /* MetaLevelRoom.swift in Sources */ = {isa = PBXBuildFile; fileRef = 1ED20DCC27F84D52002E7683 /* MetaLevelRoom.swift */; };
		1ED20DD027F84D59002E7683 /* LevelRoom.swift in Sources */ = {isa = PBXBuildFile; fileRef = 1ED20DCF27F84D59002E7683 /* LevelRoom.swift */; };
		1ED20DD127F84D59002E7683 /* LevelRoom.swift in Sources */ = {isa = PBXBuildFile; fileRef = 1ED20DCF27F84D59002E7683 /* LevelRoom.swift */; };
		1ED20DD627F856A7002E7683 /* RoomListView.swift in Sources */ = {isa = PBXBuildFile; fileRef = 1ED20DD527F856A7002E7683 /* RoomListView.swift */; };
		1ED20DD727F856A7002E7683 /* RoomListView.swift in Sources */ = {isa = PBXBuildFile; fileRef = 1ED20DD527F856A7002E7683 /* RoomListView.swift */; };
		1ED20DD927F856C4002E7683 /* RoomListViewModel.swift in Sources */ = {isa = PBXBuildFile; fileRef = 1ED20DD827F856C4002E7683 /* RoomListViewModel.swift */; };
		1ED20DDA27F856C4002E7683 /* RoomListViewModel.swift in Sources */ = {isa = PBXBuildFile; fileRef = 1ED20DD827F856C4002E7683 /* RoomListViewModel.swift */; };
		1ED20DDD27F85879002E7683 /* FirebaseOpenWorldRoomStorage.swift in Sources */ = {isa = PBXBuildFile; fileRef = 1ED20DDC27F85879002E7683 /* FirebaseOpenWorldRoomStorage.swift */; };
		1ED20DDE27F85879002E7683 /* FirebaseOpenWorldRoomStorage.swift in Sources */ = {isa = PBXBuildFile; fileRef = 1ED20DDC27F85879002E7683 /* FirebaseOpenWorldRoomStorage.swift */; };
		1ED20DE027F85C32002E7683 /* UploadedMetaLevelSelectionView.swift in Sources */ = {isa = PBXBuildFile; fileRef = 1ED20DDF27F85C32002E7683 /* UploadedMetaLevelSelectionView.swift */; };
		1ED20DE127F85C32002E7683 /* UploadedMetaLevelSelectionView.swift in Sources */ = {isa = PBXBuildFile; fileRef = 1ED20DDF27F85C32002E7683 /* UploadedMetaLevelSelectionView.swift */; };
		1ED20DE327F85C40002E7683 /* UploadedMetaLevelSelectionViewModel.swift in Sources */ = {isa = PBXBuildFile; fileRef = 1ED20DE227F85C40002E7683 /* UploadedMetaLevelSelectionViewModel.swift */; };
		1ED20DE427F85C40002E7683 /* UploadedMetaLevelSelectionViewModel.swift in Sources */ = {isa = PBXBuildFile; fileRef = 1ED20DE227F85C40002E7683 /* UploadedMetaLevelSelectionViewModel.swift */; };
		1ED20DE627F85FC2002E7683 /* FirebaseUploadedMetaLevelStorage.swift in Sources */ = {isa = PBXBuildFile; fileRef = 1ED20DE527F85FC2002E7683 /* FirebaseUploadedMetaLevelStorage.swift */; };
		1ED20DE727F85FC2002E7683 /* FirebaseUploadedMetaLevelStorage.swift in Sources */ = {isa = PBXBuildFile; fileRef = 1ED20DE527F85FC2002E7683 /* FirebaseUploadedMetaLevelStorage.swift */; };
		40AD869327E6073A00F42C42 /* LevelEditRowView.swift in Sources */ = {isa = PBXBuildFile; fileRef = 40AD869227E6073A00F42C42 /* LevelEditRowView.swift */; };
		40AD869527E60AC400F42C42 /* StorageUtil.swift in Sources */ = {isa = PBXBuildFile; fileRef = 40AD869427E60AC400F42C42 /* StorageUtil.swift */; };
		40AD869927E617B300F42C42 /* GameStorage.swift in Sources */ = {isa = PBXBuildFile; fileRef = 40AD869827E617B300F42C42 /* GameStorage.swift */; };
		B03EEE9927F2CEC50050D295 /* LevelLayerState.swift in Sources */ = {isa = PBXBuildFile; fileRef = B03EEE9827F2CEC50050D295 /* LevelLayerState.swift */; };
		B03EEE9B27F2CED90050D295 /* EntityState.swift in Sources */ = {isa = PBXBuildFile; fileRef = B03EEE9A27F2CED90050D295 /* EntityState.swift */; };
		B03EEE9D27F2CEF10050D295 /* EntityIntent.swift in Sources */ = {isa = PBXBuildFile; fileRef = B03EEE9C27F2CEF10050D295 /* EntityIntent.swift */; };
		B0592D3827F21986002EC0C3 /* BoundaryMechanic.swift in Sources */ = {isa = PBXBuildFile; fileRef = B0592D3727F21986002EC0C3 /* BoundaryMechanic.swift */; };
		B0592D3A27F219B1002EC0C3 /* PushMechanic.swift in Sources */ = {isa = PBXBuildFile; fileRef = B0592D3927F219B1002EC0C3 /* PushMechanic.swift */; };
		B06FEA0327E73D58005A3D1B /* Location.swift in Sources */ = {isa = PBXBuildFile; fileRef = B06FEA0227E73D58005A3D1B /* Location.swift */; };
		B07AA62C27E658F200918E71 /* PlayerMoveMechanic.swift in Sources */ = {isa = PBXBuildFile; fileRef = B07AA62727E658F200918E71 /* PlayerMoveMechanic.swift */; };
		B07AA62D27E658F200918E71 /* EntityAction.swift in Sources */ = {isa = PBXBuildFile; fileRef = B07AA62827E658F200918E71 /* EntityAction.swift */; };
		B07AA62E27E658F200918E71 /* GameEngine.swift in Sources */ = {isa = PBXBuildFile; fileRef = B07AA62927E658F200918E71 /* GameEngine.swift */; };
		B07AA62F27E658F200918E71 /* UpdateType.swift in Sources */ = {isa = PBXBuildFile; fileRef = B07AA62A27E658F200918E71 /* UpdateType.swift */; };
		B07AA63027E658F200918E71 /* GameMechanic.swift in Sources */ = {isa = PBXBuildFile; fileRef = B07AA62B27E658F200918E71 /* GameMechanic.swift */; };
		B07AA63227E65FC600918E71 /* GameEngineTests.swift in Sources */ = {isa = PBXBuildFile; fileRef = B07AA63127E65FC500918E71 /* GameEngineTests.swift */; };
		E5563C3327E8ADCF007D2E86 /* MetaLevelDesignerView.swift in Sources */ = {isa = PBXBuildFile; fileRef = E5563C3227E8ADCF007D2E86 /* MetaLevelDesignerView.swift */; };
		E5563C3527E8AF34007D2E86 /* MetaLevelGridView.swift in Sources */ = {isa = PBXBuildFile; fileRef = E5563C3427E8AF34007D2E86 /* MetaLevelGridView.swift */; };
		E5563C3727E8AF69007D2E86 /* MetaLevelDesignerViewModel.swift in Sources */ = {isa = PBXBuildFile; fileRef = E5563C3627E8AF69007D2E86 /* MetaLevelDesignerViewModel.swift */; };
		E5563C3927E8B213007D2E86 /* ViewConstants.swift in Sources */ = {isa = PBXBuildFile; fileRef = E5563C3827E8B213007D2E86 /* ViewConstants.swift */; };
		E5563C3C27E8B55E007D2E86 /* Point.swift in Sources */ = {isa = PBXBuildFile; fileRef = E5563C3B27E8B55E007D2E86 /* Point.swift */; };
		E5563C3E27E8CFCC007D2E86 /* MetaLevelDesignerToolbarView.swift in Sources */ = {isa = PBXBuildFile; fileRef = E5563C3D27E8CFCC007D2E86 /* MetaLevelDesignerToolbarView.swift */; };
		E5563C4027E8D09E007D2E86 /* MetaLevelDesignerToolbarViewModel.swift in Sources */ = {isa = PBXBuildFile; fileRef = E5563C3F27E8D09E007D2E86 /* MetaLevelDesignerToolbarViewModel.swift */; };
		E5563C4227E8DF6A007D2E86 /* CGVector.swift in Sources */ = {isa = PBXBuildFile; fileRef = E5563C4127E8DF6A007D2E86 /* CGVector.swift */; };
		E5563C4427E8DF87007D2E86 /* CGPoint.swift in Sources */ = {isa = PBXBuildFile; fileRef = E5563C4327E8DF87007D2E86 /* CGPoint.swift */; };
		E5563C4627E8E31B007D2E86 /* Double.swift in Sources */ = {isa = PBXBuildFile; fileRef = E5563C4527E8E31B007D2E86 /* Double.swift */; };
		E5563C4827E8E5D5007D2E86 /* Vector.swift in Sources */ = {isa = PBXBuildFile; fileRef = E5563C4727E8E5D5007D2E86 /* Vector.swift */; };
		E56752FF27EEB9FC0001305D /* MetaLevelSelectView.swift in Sources */ = {isa = PBXBuildFile; fileRef = E56752FE27EEB9FC0001305D /* MetaLevelSelectView.swift */; };
		E567530227EEBACD0001305D /* MetaLevelSelectViewModel.swift in Sources */ = {isa = PBXBuildFile; fileRef = E567530127EEBACD0001305D /* MetaLevelSelectViewModel.swift */; };
		E569071927ED4D830010E665 /* MetaLevelDesignerPersistenceView.swift in Sources */ = {isa = PBXBuildFile; fileRef = E569071827ED4D830010E665 /* MetaLevelDesignerPersistenceView.swift */; };
		E573E95827EA1A34000D10E4 /* Rectangle.swift in Sources */ = {isa = PBXBuildFile; fileRef = E573E95727EA1A34000D10E4 /* Rectangle.swift */; };
		E573E95A27EA2120000D10E4 /* DataStringConvertible.swift in Sources */ = {isa = PBXBuildFile; fileRef = E573E95927EA2120000D10E4 /* DataStringConvertible.swift */; };
		E573E95C27EA2797000D10E4 /* Storage.swift in Sources */ = {isa = PBXBuildFile; fileRef = E573E95B27EA2797000D10E4 /* Storage.swift */; };
		E573E95F27EA27CC000D10E4 /* LoggerWrapper.swift in Sources */ = {isa = PBXBuildFile; fileRef = E573E95E27EA27CC000D10E4 /* LoggerWrapper.swift */; };
		E573E96227EA32F7000D10E4 /* PersistableChunkNode.swift in Sources */ = {isa = PBXBuildFile; fileRef = E573E96127EA32F7000D10E4 /* PersistableChunkNode.swift */; };
		E573E96427EA3326000D10E4 /* PersistableMetaLevel.swift in Sources */ = {isa = PBXBuildFile; fileRef = E573E96327EA3326000D10E4 /* PersistableMetaLevel.swift */; };
		E573E96627EA3548000D10E4 /* PersistableMetaTile.swift in Sources */ = {isa = PBXBuildFile; fileRef = E573E96527EA3548000D10E4 /* PersistableMetaTile.swift */; };
		E573E96827EA38E2000D10E4 /* LevelLayer.swift in Sources */ = {isa = PBXBuildFile; fileRef = E573E96727EA38E2000D10E4 /* LevelLayer.swift */; };
		E573F43D27F498BC001E9877 /* MetaLevelDesignerTileInfoViewModel.swift in Sources */ = {isa = PBXBuildFile; fileRef = E573F43C27F498BC001E9877 /* MetaLevelDesignerTileInfoViewModel.swift */; };
		E573F43F27F4B806001E9877 /* CaseIterable.swift in Sources */ = {isa = PBXBuildFile; fileRef = E573F43E27F4B806001E9877 /* CaseIterable.swift */; };
		E57453B327F555B3003DAD5C /* ConditionCreatorViewModel.swift in Sources */ = {isa = PBXBuildFile; fileRef = E57453B227F555B3003DAD5C /* ConditionCreatorViewModel.swift */; };
		E574657C27F8032500F79A52 /* AudioRecorder.swift in Sources */ = {isa = PBXBuildFile; fileRef = E574657B27F8032500F79A52 /* AudioRecorder.swift */; };
		E574657E27F8056A00F79A52 /* MetaEntityView.swift in Sources */ = {isa = PBXBuildFile; fileRef = E574657D27F8056A00F79A52 /* MetaEntityView.swift */; };
		E574658127F8059000F79A52 /* MetaEntityViewModel.swift in Sources */ = {isa = PBXBuildFile; fileRef = E574658027F8059000F79A52 /* MetaEntityViewModel.swift */; };
		E574658327F805B100F79A52 /* PaletteMetaEntityView.swift in Sources */ = {isa = PBXBuildFile; fileRef = E574658227F805B100F79A52 /* PaletteMetaEntityView.swift */; };
		E574658527F805CC00F79A52 /* PaletteMetaEntityViewModel.swift in Sources */ = {isa = PBXBuildFile; fileRef = E574658427F805CC00F79A52 /* PaletteMetaEntityViewModel.swift */; };
		E574658727F8096600F79A52 /* ConditionCreatorView.swift in Sources */ = {isa = PBXBuildFile; fileRef = E574658627F8096600F79A52 /* ConditionCreatorView.swift */; };
		E574658927F8098A00F79A52 /* MetaLevelDesignerTileInfoView.swift in Sources */ = {isa = PBXBuildFile; fileRef = E574658827F8098A00F79A52 /* MetaLevelDesignerTileInfoView.swift */; };
		E574658B27F80B0300F79A52 /* LevelSelectorViewModel.swift in Sources */ = {isa = PBXBuildFile; fileRef = E574658A27F80B0300F79A52 /* LevelSelectorViewModel.swift */; };
		E574658D27F835D300F79A52 /* PersistableMetaEntityType.swift in Sources */ = {isa = PBXBuildFile; fileRef = E574658C27F835D300F79A52 /* PersistableMetaEntityType.swift */; };
		E574659127F8666700F79A52 /* SouthwardEastwardMatchingStrategy.swift in Sources */ = {isa = PBXBuildFile; fileRef = E574659027F8666700F79A52 /* SouthwardEastwardMatchingStrategy.swift */; };
		E574659327F8668000F79A52 /* QuadDirectionalMatchingStrategy.swift in Sources */ = {isa = PBXBuildFile; fileRef = E574659227F8668000F79A52 /* QuadDirectionalMatchingStrategy.swift */; };
		E574659527F866A400F79A52 /* DeterministicFiniteAutomaton.swift in Sources */ = {isa = PBXBuildFile; fileRef = E574659427F866A400F79A52 /* DeterministicFiniteAutomaton.swift */; };
		E574659727F8670F00F79A52 /* EpsilonState.swift in Sources */ = {isa = PBXBuildFile; fileRef = E574659627F8670F00F79A52 /* EpsilonState.swift */; };
		E574659927F8685C00F79A52 /* NounState.swift in Sources */ = {isa = PBXBuildFile; fileRef = E574659827F8685C00F79A52 /* NounState.swift */; };
		E574659B27F8689000F79A52 /* NounConcatAndState.swift in Sources */ = {isa = PBXBuildFile; fileRef = E574659A27F8689000F79A52 /* NounConcatAndState.swift */; };
		E574659D27F868AC00F79A52 /* IsVerbState.swift in Sources */ = {isa = PBXBuildFile; fileRef = E574659C27F868AC00F79A52 /* IsVerbState.swift */; };
		E574659F27F868BC00F79A52 /* HasVerbState.swift in Sources */ = {isa = PBXBuildFile; fileRef = E574659E27F868BC00F79A52 /* HasVerbState.swift */; };
		E57465A127F868E200F79A52 /* IsVerbConcatNounPropState.swift in Sources */ = {isa = PBXBuildFile; fileRef = E57465A027F868E200F79A52 /* IsVerbConcatNounPropState.swift */; };
		E57465A327F8691500F79A52 /* HasVerbConcatNounState.swift in Sources */ = {isa = PBXBuildFile; fileRef = E57465A227F8691500F79A52 /* HasVerbConcatNounState.swift */; };
		E57465A527F8693000F79A52 /* IsVerbPrimedState.swift in Sources */ = {isa = PBXBuildFile; fileRef = E57465A427F8693000F79A52 /* IsVerbPrimedState.swift */; };
		E57465A727F8694700F79A52 /* HasVerbPrimedState.swift in Sources */ = {isa = PBXBuildFile; fileRef = E57465A627F8694700F79A52 /* HasVerbPrimedState.swift */; };
		E57465A927F86F6000F79A52 /* RejectingState.swift in Sources */ = {isa = PBXBuildFile; fileRef = E57465A827F86F6000F79A52 /* RejectingState.swift */; };
		E575264C27E965410045D3D6 /* ChunkNode.swift in Sources */ = {isa = PBXBuildFile; fileRef = E575264B27E965410045D3D6 /* ChunkNode.swift */; };
		E578594427F3EA58009A79F9 /* IntegerViewTranslatable.swift in Sources */ = {isa = PBXBuildFile; fileRef = E578594327F3EA58009A79F9 /* IntegerViewTranslatable.swift */; };
		E578594627F3EA7C009A79F9 /* MetaLevelManipulableViewModel.swift in Sources */ = {isa = PBXBuildFile; fileRef = E578594527F3EA7C009A79F9 /* MetaLevelManipulableViewModel.swift */; };
		E578594927F4180B009A79F9 /* MessagesViewModel.swift in Sources */ = {isa = PBXBuildFile; fileRef = E578594827F4180B009A79F9 /* MessagesViewModel.swift */; };
		E578594B27F42C94009A79F9 /* Loadable.swift in Sources */ = {isa = PBXBuildFile; fileRef = E578594A27F42C94009A79F9 /* Loadable.swift */; };
		E57ACB2727DC582300F73B27 /* YouHasMeApp.swift in Sources */ = {isa = PBXBuildFile; fileRef = E57ACB2627DC582300F73B27 /* YouHasMeApp.swift */; };
		E57ACB2927DC582300F73B27 /* ContentView.swift in Sources */ = {isa = PBXBuildFile; fileRef = E57ACB2827DC582300F73B27 /* ContentView.swift */; };
		E57ACB2B27DC582500F73B27 /* Assets.xcassets in Resources */ = {isa = PBXBuildFile; fileRef = E57ACB2A27DC582500F73B27 /* Assets.xcassets */; };
		E57ACB2E27DC582500F73B27 /* Preview Assets.xcassets in Resources */ = {isa = PBXBuildFile; fileRef = E57ACB2D27DC582500F73B27 /* Preview Assets.xcassets */; };
		E57ACB3627DC58A000F73B27 /* Campaign.swift in Sources */ = {isa = PBXBuildFile; fileRef = E57ACB3527DC58A000F73B27 /* Campaign.swift */; };
		E57ACB3827DC58B000F73B27 /* MetaLevel.swift in Sources */ = {isa = PBXBuildFile; fileRef = E57ACB3727DC58B000F73B27 /* MetaLevel.swift */; };
		E57ACB3A27DC58B800F73B27 /* Connector.swift in Sources */ = {isa = PBXBuildFile; fileRef = E57ACB3927DC58B800F73B27 /* Connector.swift */; };
		E57ACB3C27DC58C700F73B27 /* Level.swift in Sources */ = {isa = PBXBuildFile; fileRef = E57ACB3B27DC58C700F73B27 /* Level.swift */; };
		E57ACB3E27DC58DD00F73B27 /* Condition.swift in Sources */ = {isa = PBXBuildFile; fileRef = E57ACB3D27DC58DD00F73B27 /* Condition.swift */; };
		E57ACB4027DC675E00F73B27 /* EntityType.swift in Sources */ = {isa = PBXBuildFile; fileRef = E57ACB3F27DC675E00F73B27 /* EntityType.swift */; };
		E57ACB4227DC677A00F73B27 /* Rule.swift in Sources */ = {isa = PBXBuildFile; fileRef = E57ACB4127DC677A00F73B27 /* Rule.swift */; };
		E57ACB4427DC684D00F73B27 /* BidirectionalArray.swift in Sources */ = {isa = PBXBuildFile; fileRef = E57ACB4327DC684D00F73B27 /* BidirectionalArray.swift */; };
		E57ACB4627DC948400F73B27 /* Outlet.swift in Sources */ = {isa = PBXBuildFile; fileRef = E57ACB4527DC948400F73B27 /* Outlet.swift */; };
		E57C329927F5D62900077BC9 /* LevelInfoViewModel.swift in Sources */ = {isa = PBXBuildFile; fileRef = E57C329827F5D62900077BC9 /* LevelInfoViewModel.swift */; };
		E57CA5E927EE1B2B008A3AFB /* MetaLevelDesignerPaletteView.swift in Sources */ = {isa = PBXBuildFile; fileRef = E57CA5E827EE1B2B008A3AFB /* MetaLevelDesignerPaletteView.swift */; };
		E581F08827F75C3900B1CFCB /* Image.swift in Sources */ = {isa = PBXBuildFile; fileRef = E581F08727F75C3900B1CFCB /* Image.swift */; };
		E581F08B27F760EA00B1CFCB /* AudioPlayer.swift in Sources */ = {isa = PBXBuildFile; fileRef = E581F08A27F760EA00B1CFCB /* AudioPlayer.swift */; };
		E581F52627ECBCD900CAC137 /* Int.swift in Sources */ = {isa = PBXBuildFile; fileRef = E581F52527ECBCD900CAC137 /* Int.swift */; };
		E581F52C27ECD0E500CAC137 /* NavigationFrame.swift in Sources */ = {isa = PBXBuildFile; fileRef = E581F52B27ECD0E500CAC137 /* NavigationFrame.swift */; };
		E581F52F27ECD29800CAC137 /* ContainerView.swift in Sources */ = {isa = PBXBuildFile; fileRef = E581F52E27ECD29800CAC137 /* ContainerView.swift */; };
		E5BECBD427E599F100E3952D /* YouHasMeTests.swift in Sources */ = {isa = PBXBuildFile; fileRef = E5BECBD327E599F100E3952D /* YouHasMeTests.swift */; };
		E5BECBDB27E59B2400E3952D /* LevelLayerTests.swift in Sources */ = {isa = PBXBuildFile; fileRef = E5BECBDA27E59B2400E3952D /* LevelLayerTests.swift */; };
		E5BECBDE27E59E1000E3952D /* Array.swift in Sources */ = {isa = PBXBuildFile; fileRef = E5BECBDD27E59E1000E3952D /* Array.swift */; };
		E5BECBE027E5A64B00E3952D /* Entity.swift in Sources */ = {isa = PBXBuildFile; fileRef = E5BECBDF27E5A64B00E3952D /* Entity.swift */; };
		E5BECBE227E5B6EF00E3952D /* String.swift in Sources */ = {isa = PBXBuildFile; fileRef = E5BECBE127E5B6EF00E3952D /* String.swift */; };
		E5BECBE527E5BE1300E3952D /* RuleBuilder.swift in Sources */ = {isa = PBXBuildFile; fileRef = E5BECBE427E5BE1300E3952D /* RuleBuilder.swift */; };
		E5BECBE727E5E68200E3952D /* Behaviour.swift in Sources */ = {isa = PBXBuildFile; fileRef = E5BECBE627E5E68200E3952D /* Behaviour.swift */; };
		E5BECBE927E5E7C700E3952D /* RuleParser.swift in Sources */ = {isa = PBXBuildFile; fileRef = E5BECBE827E5E7C700E3952D /* RuleParser.swift */; };
		E5BECBEB27E5E7E900E3952D /* RuleValidator.swift in Sources */ = {isa = PBXBuildFile; fileRef = E5BECBEA27E5E7E900E3952D /* RuleValidator.swift */; };
		E5BECBED27E5E7FD00E3952D /* RuleEngine.swift in Sources */ = {isa = PBXBuildFile; fileRef = E5BECBEC27E5E7FD00E3952D /* RuleEngine.swift */; };
		E5BECBEF27E5E84200E3952D /* DefaultRules.swift in Sources */ = {isa = PBXBuildFile; fileRef = E5BECBEE27E5E84200E3952D /* DefaultRules.swift */; };
		E5BECBF227E5E8B900E3952D /* Noun.swift in Sources */ = {isa = PBXBuildFile; fileRef = E5BECBF127E5E8B900E3952D /* Noun.swift */; };
		E5BECBF427E5E8BF00E3952D /* Verb.swift in Sources */ = {isa = PBXBuildFile; fileRef = E5BECBF327E5E8BF00E3952D /* Verb.swift */; };
		E5BECBF627E5E8C600E3952D /* Property.swift in Sources */ = {isa = PBXBuildFile; fileRef = E5BECBF527E5E8C600E3952D /* Property.swift */; };
		E5BECBF827E5E8FF00E3952D /* Classification.swift in Sources */ = {isa = PBXBuildFile; fileRef = E5BECBF727E5E8FF00E3952D /* Classification.swift */; };
		E5BECBFA27E5E91200E3952D /* Connective.swift in Sources */ = {isa = PBXBuildFile; fileRef = E5BECBF927E5E91200E3952D /* Connective.swift */; };
		E5EC5B5627F3696200BAE834 /* MetaLevelPlayView.swift in Sources */ = {isa = PBXBuildFile; fileRef = E5EC5B5527F3696200BAE834 /* MetaLevelPlayView.swift */; };
		E5EC5B5927F36ACE00BAE834 /* MetaLevelPlayViewModel.swift in Sources */ = {isa = PBXBuildFile; fileRef = E5EC5B5827F36ACE00BAE834 /* MetaLevelPlayViewModel.swift */; };
/* End PBXBuildFile section */

/* Begin PBXContainerItemProxy section */
		E5BECBD527E599F100E3952D /* PBXContainerItemProxy */ = {
			isa = PBXContainerItemProxy;
			containerPortal = E57ACB1B27DC582300F73B27 /* Project object */;
			proxyType = 1;
			remoteGlobalIDString = E57ACB2227DC582300F73B27;
			remoteInfo = YouHasMe;
		};
/* End PBXContainerItemProxy section */

/* Begin PBXFileReference section */
		1E6B90C327E5B2BF00161E63 /* CellView.swift */ = {isa = PBXFileReference; lastKnownFileType = sourcecode.swift; path = CellView.swift; sourceTree = "<group>"; };
		1E6B90C527E5B43F00161E63 /* Entities.swift */ = {isa = PBXFileReference; lastKnownFileType = sourcecode.swift; path = Entities.swift; sourceTree = "<group>"; };
		1E6B90C727E5B4B400161E63 /* LevelDesignerView.swift */ = {isa = PBXFileReference; lastKnownFileType = sourcecode.swift; path = LevelDesignerView.swift; sourceTree = "<group>"; };
		1E6B90C927E5B55100161E63 /* PaletteView.swift */ = {isa = PBXFileReference; lastKnownFileType = sourcecode.swift; path = PaletteView.swift; sourceTree = "<group>"; };
		1E6B90CB27E5B6DE00161E63 /* GameGridView.swift */ = {isa = PBXFileReference; lastKnownFileType = sourcecode.swift; path = GameGridView.swift; sourceTree = "<group>"; };
		1E6B90CD27E5B8AF00161E63 /* LevelDesignerViewModel.swift */ = {isa = PBXFileReference; lastKnownFileType = sourcecode.swift; path = LevelDesignerViewModel.swift; sourceTree = "<group>"; };
		1E96EB8C27E7254000321BEB /* MainMenuView.swift */ = {isa = PBXFileReference; lastKnownFileType = sourcecode.swift; path = MainMenuView.swift; sourceTree = "<group>"; };
		1E96EB8E27E7255200321BEB /* GameState.swift */ = {isa = PBXFileReference; lastKnownFileType = sourcecode.swift; path = GameState.swift; sourceTree = "<group>"; };
		1E96EB9027E725DF00321BEB /* GameView.swift */ = {isa = PBXFileReference; lastKnownFileType = sourcecode.swift; path = GameView.swift; sourceTree = "<group>"; };
		1E96EB9227E7264100321BEB /* LevelSelectView.swift */ = {isa = PBXFileReference; lastKnownFileType = sourcecode.swift; path = LevelSelectView.swift; sourceTree = "<group>"; };
		1E96EB9427E726CC00321BEB /* LevelPlayView.swift */ = {isa = PBXFileReference; lastKnownFileType = sourcecode.swift; path = LevelPlayView.swift; sourceTree = "<group>"; };
		40AD869227E6073A00F42C42 /* LevelPersistenceView.swift */ = {isa = PBXFileReference; lastKnownFileType = sourcecode.swift; path = LevelPersistenceView.swift; sourceTree = "<group>"; };
		1ED20DB127F84C10002E7683 /* GoogleService-Info.plist */ = {isa = PBXFileReference; fileEncoding = 4; lastKnownFileType = text.plist.xml; path = "GoogleService-Info.plist"; sourceTree = "<group>"; };
		1ED20DC027F84D2E002E7683 /* UploadedMetaLevel.swift */ = {isa = PBXFileReference; lastKnownFileType = sourcecode.swift; path = UploadedMetaLevel.swift; sourceTree = "<group>"; };
		1ED20DC327F84D37002E7683 /* UploadedLevel.swift */ = {isa = PBXFileReference; lastKnownFileType = sourcecode.swift; path = UploadedLevel.swift; sourceTree = "<group>"; };
		1ED20DC627F84D40002E7683 /* UploadedChunkNode.swift */ = {isa = PBXFileReference; lastKnownFileType = sourcecode.swift; path = UploadedChunkNode.swift; sourceTree = "<group>"; };
		1ED20DC927F84D49002E7683 /* OpenWorldRoom.swift */ = {isa = PBXFileReference; lastKnownFileType = sourcecode.swift; path = OpenWorldRoom.swift; sourceTree = "<group>"; };
		1ED20DCC27F84D52002E7683 /* MetaLevelRoom.swift */ = {isa = PBXFileReference; lastKnownFileType = sourcecode.swift; path = MetaLevelRoom.swift; sourceTree = "<group>"; };
		1ED20DCF27F84D59002E7683 /* LevelRoom.swift */ = {isa = PBXFileReference; lastKnownFileType = sourcecode.swift; path = LevelRoom.swift; sourceTree = "<group>"; };
		1ED20DD527F856A7002E7683 /* RoomListView.swift */ = {isa = PBXFileReference; lastKnownFileType = sourcecode.swift; path = RoomListView.swift; sourceTree = "<group>"; };
		1ED20DD827F856C4002E7683 /* RoomListViewModel.swift */ = {isa = PBXFileReference; lastKnownFileType = sourcecode.swift; path = RoomListViewModel.swift; sourceTree = "<group>"; };
		1ED20DDC27F85879002E7683 /* FirebaseOpenWorldRoomStorage.swift */ = {isa = PBXFileReference; lastKnownFileType = sourcecode.swift; path = FirebaseOpenWorldRoomStorage.swift; sourceTree = "<group>"; };
		1ED20DDF27F85C32002E7683 /* UploadedMetaLevelSelectionView.swift */ = {isa = PBXFileReference; lastKnownFileType = sourcecode.swift; path = UploadedMetaLevelSelectionView.swift; sourceTree = "<group>"; };
		1ED20DE227F85C40002E7683 /* UploadedMetaLevelSelectionViewModel.swift */ = {isa = PBXFileReference; lastKnownFileType = sourcecode.swift; path = UploadedMetaLevelSelectionViewModel.swift; sourceTree = "<group>"; };
		1ED20DE527F85FC2002E7683 /* FirebaseUploadedMetaLevelStorage.swift */ = {isa = PBXFileReference; lastKnownFileType = sourcecode.swift; path = FirebaseUploadedMetaLevelStorage.swift; sourceTree = "<group>"; };
		40AD869227E6073A00F42C42 /* LevelEditRowView.swift */ = {isa = PBXFileReference; lastKnownFileType = sourcecode.swift; path = LevelEditRowView.swift; sourceTree = "<group>"; };
		40AD869427E60AC400F42C42 /* StorageUtil.swift */ = {isa = PBXFileReference; lastKnownFileType = sourcecode.swift; path = StorageUtil.swift; sourceTree = "<group>"; };
		40AD869827E617B300F42C42 /* GameStorage.swift */ = {isa = PBXFileReference; lastKnownFileType = sourcecode.swift; path = GameStorage.swift; sourceTree = "<group>"; };
		B03EEE9827F2CEC50050D295 /* LevelLayerState.swift */ = {isa = PBXFileReference; lastKnownFileType = sourcecode.swift; path = LevelLayerState.swift; sourceTree = "<group>"; };
		B03EEE9A27F2CED90050D295 /* EntityState.swift */ = {isa = PBXFileReference; lastKnownFileType = sourcecode.swift; path = EntityState.swift; sourceTree = "<group>"; };
		B03EEE9C27F2CEF10050D295 /* EntityIntent.swift */ = {isa = PBXFileReference; lastKnownFileType = sourcecode.swift; path = EntityIntent.swift; sourceTree = "<group>"; };
		B0592D3727F21986002EC0C3 /* BoundaryMechanic.swift */ = {isa = PBXFileReference; lastKnownFileType = sourcecode.swift; path = BoundaryMechanic.swift; sourceTree = "<group>"; };
		B0592D3927F219B1002EC0C3 /* PushMechanic.swift */ = {isa = PBXFileReference; lastKnownFileType = sourcecode.swift; path = PushMechanic.swift; sourceTree = "<group>"; };
		B06FEA0227E73D58005A3D1B /* Location.swift */ = {isa = PBXFileReference; lastKnownFileType = sourcecode.swift; path = Location.swift; sourceTree = "<group>"; };
		B07AA62727E658F200918E71 /* PlayerMoveMechanic.swift */ = {isa = PBXFileReference; fileEncoding = 4; lastKnownFileType = sourcecode.swift; path = PlayerMoveMechanic.swift; sourceTree = "<group>"; };
		B07AA62827E658F200918E71 /* EntityAction.swift */ = {isa = PBXFileReference; fileEncoding = 4; lastKnownFileType = sourcecode.swift; path = EntityAction.swift; sourceTree = "<group>"; };
		B07AA62927E658F200918E71 /* GameEngine.swift */ = {isa = PBXFileReference; fileEncoding = 4; lastKnownFileType = sourcecode.swift; path = GameEngine.swift; sourceTree = "<group>"; };
		B07AA62A27E658F200918E71 /* UpdateType.swift */ = {isa = PBXFileReference; fileEncoding = 4; lastKnownFileType = sourcecode.swift; path = UpdateType.swift; sourceTree = "<group>"; };
		B07AA62B27E658F200918E71 /* GameMechanic.swift */ = {isa = PBXFileReference; fileEncoding = 4; lastKnownFileType = sourcecode.swift; path = GameMechanic.swift; sourceTree = "<group>"; };
		B07AA63127E65FC500918E71 /* GameEngineTests.swift */ = {isa = PBXFileReference; lastKnownFileType = sourcecode.swift; path = GameEngineTests.swift; sourceTree = "<group>"; };
		E5563C3227E8ADCF007D2E86 /* MetaLevelDesignerView.swift */ = {isa = PBXFileReference; lastKnownFileType = sourcecode.swift; path = MetaLevelDesignerView.swift; sourceTree = "<group>"; };
		E5563C3427E8AF34007D2E86 /* MetaLevelGridView.swift */ = {isa = PBXFileReference; lastKnownFileType = sourcecode.swift; path = MetaLevelGridView.swift; sourceTree = "<group>"; };
		E5563C3627E8AF69007D2E86 /* MetaLevelDesignerViewModel.swift */ = {isa = PBXFileReference; lastKnownFileType = sourcecode.swift; path = MetaLevelDesignerViewModel.swift; sourceTree = "<group>"; };
		E5563C3827E8B213007D2E86 /* ViewConstants.swift */ = {isa = PBXFileReference; lastKnownFileType = sourcecode.swift; path = ViewConstants.swift; sourceTree = "<group>"; };
		E5563C3B27E8B55E007D2E86 /* Point.swift */ = {isa = PBXFileReference; lastKnownFileType = sourcecode.swift; path = Point.swift; sourceTree = "<group>"; };
		E5563C3D27E8CFCC007D2E86 /* MetaLevelDesignerToolbarView.swift */ = {isa = PBXFileReference; lastKnownFileType = sourcecode.swift; path = MetaLevelDesignerToolbarView.swift; sourceTree = "<group>"; };
		E5563C3F27E8D09E007D2E86 /* MetaLevelDesignerToolbarViewModel.swift */ = {isa = PBXFileReference; lastKnownFileType = sourcecode.swift; path = MetaLevelDesignerToolbarViewModel.swift; sourceTree = "<group>"; };
		E5563C4127E8DF6A007D2E86 /* CGVector.swift */ = {isa = PBXFileReference; lastKnownFileType = sourcecode.swift; path = CGVector.swift; sourceTree = "<group>"; };
		E5563C4327E8DF87007D2E86 /* CGPoint.swift */ = {isa = PBXFileReference; lastKnownFileType = sourcecode.swift; path = CGPoint.swift; sourceTree = "<group>"; };
		E5563C4527E8E31B007D2E86 /* Double.swift */ = {isa = PBXFileReference; lastKnownFileType = sourcecode.swift; path = Double.swift; sourceTree = "<group>"; };
		E5563C4727E8E5D5007D2E86 /* Vector.swift */ = {isa = PBXFileReference; lastKnownFileType = sourcecode.swift; path = Vector.swift; sourceTree = "<group>"; };
		E56752FE27EEB9FC0001305D /* MetaLevelSelectView.swift */ = {isa = PBXFileReference; lastKnownFileType = sourcecode.swift; path = MetaLevelSelectView.swift; sourceTree = "<group>"; };
		E567530127EEBACD0001305D /* MetaLevelSelectViewModel.swift */ = {isa = PBXFileReference; lastKnownFileType = sourcecode.swift; path = MetaLevelSelectViewModel.swift; sourceTree = "<group>"; };
		E569071827ED4D830010E665 /* MetaLevelDesignerPersistenceView.swift */ = {isa = PBXFileReference; lastKnownFileType = sourcecode.swift; path = MetaLevelDesignerPersistenceView.swift; sourceTree = "<group>"; };
		E573E95727EA1A34000D10E4 /* Rectangle.swift */ = {isa = PBXFileReference; lastKnownFileType = sourcecode.swift; path = Rectangle.swift; sourceTree = "<group>"; };
		E573E95927EA2120000D10E4 /* DataStringConvertible.swift */ = {isa = PBXFileReference; lastKnownFileType = sourcecode.swift; path = DataStringConvertible.swift; sourceTree = "<group>"; };
		E573E95B27EA2797000D10E4 /* Storage.swift */ = {isa = PBXFileReference; lastKnownFileType = sourcecode.swift; path = Storage.swift; sourceTree = "<group>"; };
		E573E95E27EA27CC000D10E4 /* LoggerWrapper.swift */ = {isa = PBXFileReference; lastKnownFileType = sourcecode.swift; path = LoggerWrapper.swift; sourceTree = "<group>"; };
		E573E96127EA32F7000D10E4 /* PersistableChunkNode.swift */ = {isa = PBXFileReference; lastKnownFileType = sourcecode.swift; path = PersistableChunkNode.swift; sourceTree = "<group>"; };
		E573E96327EA3326000D10E4 /* PersistableMetaLevel.swift */ = {isa = PBXFileReference; lastKnownFileType = sourcecode.swift; path = PersistableMetaLevel.swift; sourceTree = "<group>"; };
		E573E96527EA3548000D10E4 /* PersistableMetaTile.swift */ = {isa = PBXFileReference; lastKnownFileType = sourcecode.swift; path = PersistableMetaTile.swift; sourceTree = "<group>"; };
		E573E96727EA38E2000D10E4 /* LevelLayer.swift */ = {isa = PBXFileReference; lastKnownFileType = sourcecode.swift; path = LevelLayer.swift; sourceTree = "<group>"; };
		E573F43C27F498BC001E9877 /* MetaLevelDesignerTileInfoViewModel.swift */ = {isa = PBXFileReference; lastKnownFileType = sourcecode.swift; path = MetaLevelDesignerTileInfoViewModel.swift; sourceTree = "<group>"; };
		E573F43E27F4B806001E9877 /* CaseIterable.swift */ = {isa = PBXFileReference; lastKnownFileType = sourcecode.swift; path = CaseIterable.swift; sourceTree = "<group>"; };
		E57453B227F555B3003DAD5C /* ConditionCreatorViewModel.swift */ = {isa = PBXFileReference; lastKnownFileType = sourcecode.swift; path = ConditionCreatorViewModel.swift; sourceTree = "<group>"; };
		E574657B27F8032500F79A52 /* AudioRecorder.swift */ = {isa = PBXFileReference; lastKnownFileType = sourcecode.swift; path = AudioRecorder.swift; sourceTree = "<group>"; };
		E574657D27F8056A00F79A52 /* MetaEntityView.swift */ = {isa = PBXFileReference; lastKnownFileType = sourcecode.swift; path = MetaEntityView.swift; sourceTree = "<group>"; };
		E574658027F8059000F79A52 /* MetaEntityViewModel.swift */ = {isa = PBXFileReference; lastKnownFileType = sourcecode.swift; path = MetaEntityViewModel.swift; sourceTree = "<group>"; };
		E574658227F805B100F79A52 /* PaletteMetaEntityView.swift */ = {isa = PBXFileReference; lastKnownFileType = sourcecode.swift; path = PaletteMetaEntityView.swift; sourceTree = "<group>"; };
		E574658427F805CC00F79A52 /* PaletteMetaEntityViewModel.swift */ = {isa = PBXFileReference; lastKnownFileType = sourcecode.swift; path = PaletteMetaEntityViewModel.swift; sourceTree = "<group>"; };
		E574658627F8096600F79A52 /* ConditionCreatorView.swift */ = {isa = PBXFileReference; lastKnownFileType = sourcecode.swift; path = ConditionCreatorView.swift; sourceTree = "<group>"; };
		E574658827F8098A00F79A52 /* MetaLevelDesignerTileInfoView.swift */ = {isa = PBXFileReference; lastKnownFileType = sourcecode.swift; path = MetaLevelDesignerTileInfoView.swift; sourceTree = "<group>"; };
		E574658A27F80B0300F79A52 /* LevelSelectorViewModel.swift */ = {isa = PBXFileReference; lastKnownFileType = sourcecode.swift; path = LevelSelectorViewModel.swift; sourceTree = "<group>"; };
		E574658C27F835D300F79A52 /* PersistableMetaEntityType.swift */ = {isa = PBXFileReference; lastKnownFileType = sourcecode.swift; path = PersistableMetaEntityType.swift; sourceTree = "<group>"; };
		E574659027F8666700F79A52 /* SouthwardEastwardMatchingStrategy.swift */ = {isa = PBXFileReference; lastKnownFileType = sourcecode.swift; path = SouthwardEastwardMatchingStrategy.swift; sourceTree = "<group>"; };
		E574659227F8668000F79A52 /* QuadDirectionalMatchingStrategy.swift */ = {isa = PBXFileReference; lastKnownFileType = sourcecode.swift; path = QuadDirectionalMatchingStrategy.swift; sourceTree = "<group>"; };
		E574659427F866A400F79A52 /* DeterministicFiniteAutomaton.swift */ = {isa = PBXFileReference; lastKnownFileType = sourcecode.swift; path = DeterministicFiniteAutomaton.swift; sourceTree = "<group>"; };
		E574659627F8670F00F79A52 /* EpsilonState.swift */ = {isa = PBXFileReference; lastKnownFileType = sourcecode.swift; path = EpsilonState.swift; sourceTree = "<group>"; };
		E574659827F8685C00F79A52 /* NounState.swift */ = {isa = PBXFileReference; lastKnownFileType = sourcecode.swift; path = NounState.swift; sourceTree = "<group>"; };
		E574659A27F8689000F79A52 /* NounConcatAndState.swift */ = {isa = PBXFileReference; lastKnownFileType = sourcecode.swift; path = NounConcatAndState.swift; sourceTree = "<group>"; };
		E574659C27F868AC00F79A52 /* IsVerbState.swift */ = {isa = PBXFileReference; lastKnownFileType = sourcecode.swift; path = IsVerbState.swift; sourceTree = "<group>"; };
		E574659E27F868BC00F79A52 /* HasVerbState.swift */ = {isa = PBXFileReference; lastKnownFileType = sourcecode.swift; path = HasVerbState.swift; sourceTree = "<group>"; };
		E57465A027F868E200F79A52 /* IsVerbConcatNounPropState.swift */ = {isa = PBXFileReference; lastKnownFileType = sourcecode.swift; path = IsVerbConcatNounPropState.swift; sourceTree = "<group>"; };
		E57465A227F8691500F79A52 /* HasVerbConcatNounState.swift */ = {isa = PBXFileReference; lastKnownFileType = sourcecode.swift; path = HasVerbConcatNounState.swift; sourceTree = "<group>"; };
		E57465A427F8693000F79A52 /* IsVerbPrimedState.swift */ = {isa = PBXFileReference; lastKnownFileType = sourcecode.swift; path = IsVerbPrimedState.swift; sourceTree = "<group>"; };
		E57465A627F8694700F79A52 /* HasVerbPrimedState.swift */ = {isa = PBXFileReference; lastKnownFileType = sourcecode.swift; path = HasVerbPrimedState.swift; sourceTree = "<group>"; };
		E57465A827F86F6000F79A52 /* RejectingState.swift */ = {isa = PBXFileReference; lastKnownFileType = sourcecode.swift; path = RejectingState.swift; sourceTree = "<group>"; };
		E575264B27E965410045D3D6 /* ChunkNode.swift */ = {isa = PBXFileReference; lastKnownFileType = sourcecode.swift; path = ChunkNode.swift; sourceTree = "<group>"; };
		E578594327F3EA58009A79F9 /* IntegerViewTranslatable.swift */ = {isa = PBXFileReference; lastKnownFileType = sourcecode.swift; path = IntegerViewTranslatable.swift; sourceTree = "<group>"; };
		E578594527F3EA7C009A79F9 /* MetaLevelManipulableViewModel.swift */ = {isa = PBXFileReference; lastKnownFileType = sourcecode.swift; path = MetaLevelManipulableViewModel.swift; sourceTree = "<group>"; };
		E578594827F4180B009A79F9 /* MessagesViewModel.swift */ = {isa = PBXFileReference; lastKnownFileType = sourcecode.swift; path = MessagesViewModel.swift; sourceTree = "<group>"; };
		E578594A27F42C94009A79F9 /* Loadable.swift */ = {isa = PBXFileReference; lastKnownFileType = sourcecode.swift; path = Loadable.swift; sourceTree = "<group>"; };
		E57ACB2327DC582300F73B27 /* YouHasMe.app */ = {isa = PBXFileReference; explicitFileType = wrapper.application; includeInIndex = 0; path = YouHasMe.app; sourceTree = BUILT_PRODUCTS_DIR; };
		E57ACB2627DC582300F73B27 /* YouHasMeApp.swift */ = {isa = PBXFileReference; lastKnownFileType = sourcecode.swift; path = YouHasMeApp.swift; sourceTree = "<group>"; };
		E57ACB2827DC582300F73B27 /* ContentView.swift */ = {isa = PBXFileReference; lastKnownFileType = sourcecode.swift; path = ContentView.swift; sourceTree = "<group>"; };
		E57ACB2A27DC582500F73B27 /* Assets.xcassets */ = {isa = PBXFileReference; lastKnownFileType = folder.assetcatalog; path = Assets.xcassets; sourceTree = "<group>"; };
		E57ACB2D27DC582500F73B27 /* Preview Assets.xcassets */ = {isa = PBXFileReference; lastKnownFileType = folder.assetcatalog; path = "Preview Assets.xcassets"; sourceTree = "<group>"; };
		E57ACB3527DC58A000F73B27 /* Campaign.swift */ = {isa = PBXFileReference; lastKnownFileType = sourcecode.swift; path = Campaign.swift; sourceTree = "<group>"; };
		E57ACB3727DC58B000F73B27 /* MetaLevel.swift */ = {isa = PBXFileReference; lastKnownFileType = sourcecode.swift; path = MetaLevel.swift; sourceTree = "<group>"; };
		E57ACB3927DC58B800F73B27 /* Connector.swift */ = {isa = PBXFileReference; lastKnownFileType = sourcecode.swift; path = Connector.swift; sourceTree = "<group>"; };
		E57ACB3B27DC58C700F73B27 /* Level.swift */ = {isa = PBXFileReference; lastKnownFileType = sourcecode.swift; path = Level.swift; sourceTree = "<group>"; };
		E57ACB3D27DC58DD00F73B27 /* Condition.swift */ = {isa = PBXFileReference; lastKnownFileType = sourcecode.swift; path = Condition.swift; sourceTree = "<group>"; };
		E57ACB3F27DC675E00F73B27 /* EntityType.swift */ = {isa = PBXFileReference; lastKnownFileType = sourcecode.swift; path = EntityType.swift; sourceTree = "<group>"; };
		E57ACB4127DC677A00F73B27 /* Rule.swift */ = {isa = PBXFileReference; lastKnownFileType = sourcecode.swift; path = Rule.swift; sourceTree = "<group>"; };
		E57ACB4327DC684D00F73B27 /* BidirectionalArray.swift */ = {isa = PBXFileReference; lastKnownFileType = sourcecode.swift; path = BidirectionalArray.swift; sourceTree = "<group>"; };
		E57ACB4527DC948400F73B27 /* Outlet.swift */ = {isa = PBXFileReference; lastKnownFileType = sourcecode.swift; path = Outlet.swift; sourceTree = "<group>"; };
		E57C329827F5D62900077BC9 /* LevelInfoViewModel.swift */ = {isa = PBXFileReference; lastKnownFileType = sourcecode.swift; path = LevelInfoViewModel.swift; sourceTree = "<group>"; };
		E57CA5E827EE1B2B008A3AFB /* MetaLevelDesignerPaletteView.swift */ = {isa = PBXFileReference; lastKnownFileType = sourcecode.swift; path = MetaLevelDesignerPaletteView.swift; sourceTree = "<group>"; };
		E581F08727F75C3900B1CFCB /* Image.swift */ = {isa = PBXFileReference; lastKnownFileType = sourcecode.swift; path = Image.swift; sourceTree = "<group>"; };
		E581F08A27F760EA00B1CFCB /* AudioPlayer.swift */ = {isa = PBXFileReference; lastKnownFileType = sourcecode.swift; path = AudioPlayer.swift; sourceTree = "<group>"; };
		E581F52527ECBCD900CAC137 /* Int.swift */ = {isa = PBXFileReference; lastKnownFileType = sourcecode.swift; path = Int.swift; sourceTree = "<group>"; };
		E581F52B27ECD0E500CAC137 /* NavigationFrame.swift */ = {isa = PBXFileReference; lastKnownFileType = sourcecode.swift; path = NavigationFrame.swift; sourceTree = "<group>"; };
		E581F52E27ECD29800CAC137 /* ContainerView.swift */ = {isa = PBXFileReference; lastKnownFileType = sourcecode.swift; path = ContainerView.swift; sourceTree = "<group>"; };
		E5BECBD127E599F100E3952D /* YouHasMeTests.xctest */ = {isa = PBXFileReference; explicitFileType = wrapper.cfbundle; includeInIndex = 0; path = YouHasMeTests.xctest; sourceTree = BUILT_PRODUCTS_DIR; };
		E5BECBD327E599F100E3952D /* YouHasMeTests.swift */ = {isa = PBXFileReference; lastKnownFileType = sourcecode.swift; path = YouHasMeTests.swift; sourceTree = "<group>"; };
		E5BECBDA27E59B2400E3952D /* LevelLayerTests.swift */ = {isa = PBXFileReference; lastKnownFileType = sourcecode.swift; path = LevelLayerTests.swift; sourceTree = "<group>"; };
		E5BECBDD27E59E1000E3952D /* Array.swift */ = {isa = PBXFileReference; lastKnownFileType = sourcecode.swift; path = Array.swift; sourceTree = "<group>"; };
		E5BECBDF27E5A64B00E3952D /* Entity.swift */ = {isa = PBXFileReference; lastKnownFileType = sourcecode.swift; path = Entity.swift; sourceTree = "<group>"; };
		E5BECBE127E5B6EF00E3952D /* String.swift */ = {isa = PBXFileReference; lastKnownFileType = sourcecode.swift; path = String.swift; sourceTree = "<group>"; };
		E5BECBE427E5BE1300E3952D /* RuleBuilder.swift */ = {isa = PBXFileReference; lastKnownFileType = sourcecode.swift; path = RuleBuilder.swift; sourceTree = "<group>"; };
		E5BECBE627E5E68200E3952D /* Behaviour.swift */ = {isa = PBXFileReference; lastKnownFileType = sourcecode.swift; path = Behaviour.swift; sourceTree = "<group>"; };
		E5BECBE827E5E7C700E3952D /* RuleParser.swift */ = {isa = PBXFileReference; lastKnownFileType = sourcecode.swift; path = RuleParser.swift; sourceTree = "<group>"; };
		E5BECBEA27E5E7E900E3952D /* RuleValidator.swift */ = {isa = PBXFileReference; lastKnownFileType = sourcecode.swift; path = RuleValidator.swift; sourceTree = "<group>"; };
		E5BECBEC27E5E7FD00E3952D /* RuleEngine.swift */ = {isa = PBXFileReference; lastKnownFileType = sourcecode.swift; path = RuleEngine.swift; sourceTree = "<group>"; };
		E5BECBEE27E5E84200E3952D /* DefaultRules.swift */ = {isa = PBXFileReference; lastKnownFileType = sourcecode.swift; path = DefaultRules.swift; sourceTree = "<group>"; };
		E5BECBF127E5E8B900E3952D /* Noun.swift */ = {isa = PBXFileReference; lastKnownFileType = sourcecode.swift; path = Noun.swift; sourceTree = "<group>"; };
		E5BECBF327E5E8BF00E3952D /* Verb.swift */ = {isa = PBXFileReference; lastKnownFileType = sourcecode.swift; path = Verb.swift; sourceTree = "<group>"; };
		E5BECBF527E5E8C600E3952D /* Property.swift */ = {isa = PBXFileReference; lastKnownFileType = sourcecode.swift; path = Property.swift; sourceTree = "<group>"; };
		E5BECBF727E5E8FF00E3952D /* Classification.swift */ = {isa = PBXFileReference; lastKnownFileType = sourcecode.swift; path = Classification.swift; sourceTree = "<group>"; };
		E5BECBF927E5E91200E3952D /* Connective.swift */ = {isa = PBXFileReference; lastKnownFileType = sourcecode.swift; path = Connective.swift; sourceTree = "<group>"; };
		E5EC5B5527F3696200BAE834 /* MetaLevelPlayView.swift */ = {isa = PBXFileReference; lastKnownFileType = sourcecode.swift; path = MetaLevelPlayView.swift; sourceTree = "<group>"; };
		E5EC5B5827F36ACE00BAE834 /* MetaLevelPlayViewModel.swift */ = {isa = PBXFileReference; lastKnownFileType = sourcecode.swift; path = MetaLevelPlayViewModel.swift; sourceTree = "<group>"; };
/* End PBXFileReference section */

/* Begin PBXFrameworksBuildPhase section */
		E57ACB2027DC582300F73B27 /* Frameworks */ = {
			isa = PBXFrameworksBuildPhase;
			buildActionMask = 2147483647;
			files = (
				1ED20DB627F84C51002E7683 /* FirebaseAuth in Frameworks */,
				1ED20DBC27F84C51002E7683 /* FirebaseFirestoreCombine-Community in Frameworks */,
				1ED20DBE27F84C51002E7683 /* FirebaseFirestoreSwift-Beta in Frameworks */,
				1ED20DB827F84C51002E7683 /* FirebaseAuthCombine-Community in Frameworks */,
				1ED20DBA27F84C51002E7683 /* FirebaseFirestore in Frameworks */,
			);
			runOnlyForDeploymentPostprocessing = 0;
		};
		E5BECBCE27E599F100E3952D /* Frameworks */ = {
			isa = PBXFrameworksBuildPhase;
			buildActionMask = 2147483647;
			files = (
			);
			runOnlyForDeploymentPostprocessing = 0;
		};
/* End PBXFrameworksBuildPhase section */

/* Begin PBXGroup section */
		1E6B90C127E5B2A300161E63 /* views */ = {
			isa = PBXGroup;
			children = (
				1ED20DD227F85680002E7683 /* Multiplayer */,
				E56752FA27EEA82B0001305D /* Game */,
				E56752F827EEA8110001305D /* Level Select */,
				E56752F627EEA7F60001305D /* Main */,
				E581F52D27ECD27E00CAC137 /* shared */,
				E5563C3127E8ADAC007D2E86 /* MetaLevelDesigner */,
				1E6B90C227E5B2AD00161E63 /* LevelDesigner */,
				1E6B90C527E5B43F00161E63 /* Entities.swift */,
				1E96EB8E27E7255200321BEB /* GameState.swift */,
				E5563C3827E8B213007D2E86 /* ViewConstants.swift */,
			);
			path = views;
			sourceTree = "<group>";
		};
		1E6B90C227E5B2AD00161E63 /* LevelDesigner */ = {
			isa = PBXGroup;
			children = (
				E56752F527EEA7E70001305D /* View Models */,
				E56752F427EEA7D90001305D /* Views */,
			);
			path = LevelDesigner;
			sourceTree = "<group>";
		};
		1ED20DBF27F84D0F002E7683 /* multiplayer */ = {
			isa = PBXGroup;
			children = (
				1ED20DC027F84D2E002E7683 /* UploadedMetaLevel.swift */,
				1ED20DC327F84D37002E7683 /* UploadedLevel.swift */,
				1ED20DC627F84D40002E7683 /* UploadedChunkNode.swift */,
				1ED20DC927F84D49002E7683 /* OpenWorldRoom.swift */,
				1ED20DCC27F84D52002E7683 /* MetaLevelRoom.swift */,
				1ED20DCF27F84D59002E7683 /* LevelRoom.swift */,
			);
			path = multiplayer;
			sourceTree = "<group>";
		};
		1ED20DD227F85680002E7683 /* Multiplayer */ = {
			isa = PBXGroup;
			children = (
				1ED20DD427F8569C002E7683 /* Views */,
				1ED20DD327F8568B002E7683 /* View Models */,
			);
			path = Multiplayer;
			sourceTree = "<group>";
		};
		1ED20DD327F8568B002E7683 /* View Models */ = {
			isa = PBXGroup;
			children = (
				1ED20DD827F856C4002E7683 /* RoomListViewModel.swift */,
				1ED20DE227F85C40002E7683 /* UploadedMetaLevelSelectionViewModel.swift */,
			);
			path = "View Models";
			sourceTree = "<group>";
		};
		1ED20DD427F8569C002E7683 /* Views */ = {
			isa = PBXGroup;
			children = (
				1ED20DD527F856A7002E7683 /* RoomListView.swift */,
				1ED20DDF27F85C32002E7683 /* UploadedMetaLevelSelectionView.swift */,
			);
			path = Views;
			sourceTree = "<group>";
		};
		1ED20DDB27F85857002E7683 /* multiplayer */ = {
			isa = PBXGroup;
			children = (
				1ED20DDC27F85879002E7683 /* FirebaseOpenWorldRoomStorage.swift */,
				1ED20DE527F85FC2002E7683 /* FirebaseUploadedMetaLevelStorage.swift */,
			);
			path = multiplayer;
			sourceTree = "<group>";
		};
		40AD869127E606F300F42C42 /* storage */ = {
			isa = PBXGroup;
			children = (
				1ED20DDB27F85857002E7683 /* multiplayer */,
				40AD869427E60AC400F42C42 /* StorageUtil.swift */,
				40AD869827E617B300F42C42 /* GameStorage.swift */,
				E573E95B27EA2797000D10E4 /* Storage.swift */,
			);
			path = storage;
			sourceTree = "<group>";
		};
		B0592D3627F21944002EC0C3 /* Mechanics */ = {
			isa = PBXGroup;
			children = (
				B07AA62727E658F200918E71 /* PlayerMoveMechanic.swift */,
				B0592D3727F21986002EC0C3 /* BoundaryMechanic.swift */,
				B0592D3927F219B1002EC0C3 /* PushMechanic.swift */,
			);
			path = Mechanics;
			sourceTree = "<group>";
		};
		B07AA62627E658F200918E71 /* GameEngine */ = {
			isa = PBXGroup;
			children = (
				B06FEA0227E73D58005A3D1B /* Location.swift */,
				B0592D3627F21944002EC0C3 /* Mechanics */,
				B07AA62827E658F200918E71 /* EntityAction.swift */,
				B07AA62927E658F200918E71 /* GameEngine.swift */,
				B07AA62A27E658F200918E71 /* UpdateType.swift */,
				B07AA62B27E658F200918E71 /* GameMechanic.swift */,
				B03EEE9827F2CEC50050D295 /* LevelLayerState.swift */,
				B03EEE9A27F2CED90050D295 /* EntityState.swift */,
				B03EEE9C27F2CEF10050D295 /* EntityIntent.swift */,
			);
			path = GameEngine;
			sourceTree = "<group>";
		};
		E5563C3127E8ADAC007D2E86 /* MetaLevelDesigner */ = {
			isa = PBXGroup;
			children = (
				E581F52827ECCC6000CAC137 /* View Models */,
				E581F52727ECCC5600CAC137 /* Views */,
			);
			path = MetaLevelDesigner;
			sourceTree = "<group>";
		};
		E5563C3A27E8B551007D2E86 /* helpers */ = {
			isa = PBXGroup;
			children = (
				E5563C3B27E8B55E007D2E86 /* Point.swift */,
				E5563C4727E8E5D5007D2E86 /* Vector.swift */,
				E575264B27E965410045D3D6 /* ChunkNode.swift */,
				E573E95727EA1A34000D10E4 /* Rectangle.swift */,
				E573E95927EA2120000D10E4 /* DataStringConvertible.swift */,
			);
			path = helpers;
			sourceTree = "<group>";
		};
		E56752F427EEA7D90001305D /* Views */ = {
			isa = PBXGroup;
			children = (
				40AD869227E6073A00F42C42 /* LevelPersistenceView.swift */,
				1E6B90CB27E5B6DE00161E63 /* GameGridView.swift */,
				1E6B90C927E5B55100161E63 /* PaletteView.swift */,
				1E6B90C727E5B4B400161E63 /* LevelDesignerView.swift */,
			);
			path = Views;
			sourceTree = "<group>";
		};
		E56752F527EEA7E70001305D /* View Models */ = {
			isa = PBXGroup;
			children = (
				1E6B90CD27E5B8AF00161E63 /* LevelDesignerViewModel.swift */,
			);
			path = "View Models";
			sourceTree = "<group>";
		};
		E56752F627EEA7F60001305D /* Main */ = {
			isa = PBXGroup;
			children = (
				E56752F727EEA8000001305D /* Views */,
			);
			path = Main;
			sourceTree = "<group>";
		};
		E56752F727EEA8000001305D /* Views */ = {
			isa = PBXGroup;
			children = (
				1E96EB9027E725DF00321BEB /* GameView.swift */,
				1E96EB8C27E7254000321BEB /* MainMenuView.swift */,
			);
			path = Views;
			sourceTree = "<group>";
		};
		E56752F827EEA8110001305D /* Level Select */ = {
			isa = PBXGroup;
			children = (
				E567530027EEBABC0001305D /* View Models */,
				E56752F927EEA81D0001305D /* Views */,
			);
			path = "Level Select";
			sourceTree = "<group>";
		};
		E56752F927EEA81D0001305D /* Views */ = {
			isa = PBXGroup;
			children = (
				1E96EB9227E7264100321BEB /* LevelSelectView.swift */,
				E56752FE27EEB9FC0001305D /* MetaLevelSelectView.swift */,
			);
			path = Views;
			sourceTree = "<group>";
		};
		E56752FA27EEA82B0001305D /* Game */ = {
			isa = PBXGroup;
			children = (
				E5EC5B5727F36ABF00BAE834 /* View Models */,
				E56752FB27EEA8330001305D /* Views */,
			);
			path = Game;
			sourceTree = "<group>";
		};
		E56752FB27EEA8330001305D /* Views */ = {
			isa = PBXGroup;
			children = (
				1E96EB9427E726CC00321BEB /* LevelPlayView.swift */,
				E5EC5B5527F3696200BAE834 /* MetaLevelPlayView.swift */,
			);
			path = Views;
			sourceTree = "<group>";
		};
		E56752FC27EEA8650001305D /* Views */ = {
			isa = PBXGroup;
			children = (
				E581F52B27ECD0E500CAC137 /* NavigationFrame.swift */,
				1E6B90C327E5B2BF00161E63 /* CellView.swift */,
				E5563C3427E8AF34007D2E86 /* MetaLevelGridView.swift */,
				E574657D27F8056A00F79A52 /* MetaEntityView.swift */,
			);
			path = Views;
			sourceTree = "<group>";
		};
		E56752FD27EEA86F0001305D /* Protocols */ = {
			isa = PBXGroup;
			children = (
				E581F52E27ECD29800CAC137 /* ContainerView.swift */,
			);
			path = Protocols;
			sourceTree = "<group>";
		};
		E567530027EEBABC0001305D /* View Models */ = {
			isa = PBXGroup;
			children = (
				E567530127EEBACD0001305D /* MetaLevelSelectViewModel.swift */,
			);
			path = "View Models";
			sourceTree = "<group>";
		};
		E56FE99627EEF21100EBE865 /* extensions */ = {
			isa = PBXGroup;
			children = (
				E5563C4327E8DF87007D2E86 /* CGPoint.swift */,
				E5563C4127E8DF6A007D2E86 /* CGVector.swift */,
				E581F08727F75C3900B1CFCB /* Image.swift */,
			);
			path = extensions;
			sourceTree = "<group>";
		};
		E573E95D27EA27BE000D10E4 /* logs */ = {
			isa = PBXGroup;
			children = (
				E573E95E27EA27CC000D10E4 /* LoggerWrapper.swift */,
			);
			path = logs;
			sourceTree = "<group>";
		};
		E573E96027EA32DC000D10E4 /* persistable */ = {
			isa = PBXGroup;
			children = (
				E573E96127EA32F7000D10E4 /* PersistableChunkNode.swift */,
				E573E96327EA3326000D10E4 /* PersistableMetaLevel.swift */,
				E573E96527EA3548000D10E4 /* PersistableMetaTile.swift */,
				E574658C27F835D300F79A52 /* PersistableMetaEntityType.swift */,
			);
			path = persistable;
			sourceTree = "<group>";
		};
		E574657F27F8058300F79A52 /* View Models */ = {
			isa = PBXGroup;
			children = (
				E574658027F8059000F79A52 /* MetaEntityViewModel.swift */,
			);
			path = "View Models";
			sourceTree = "<group>";
		};
		E574658E27F8664600F79A52 /* matching */ = {
			isa = PBXGroup;
			children = (
				E574659027F8666700F79A52 /* SouthwardEastwardMatchingStrategy.swift */,
				E574659227F8668000F79A52 /* QuadDirectionalMatchingStrategy.swift */,
			);
			path = matching;
			sourceTree = "<group>";
		};
		E574658F27F8665500F79A52 /* parsing */ = {
			isa = PBXGroup;
			children = (
				E574659427F866A400F79A52 /* DeterministicFiniteAutomaton.swift */,
				E574659627F8670F00F79A52 /* EpsilonState.swift */,
				E574659827F8685C00F79A52 /* NounState.swift */,
				E574659A27F8689000F79A52 /* NounConcatAndState.swift */,
				E574659C27F868AC00F79A52 /* IsVerbState.swift */,
				E574659E27F868BC00F79A52 /* HasVerbState.swift */,
				E57465A027F868E200F79A52 /* IsVerbConcatNounPropState.swift */,
				E57465A227F8691500F79A52 /* HasVerbConcatNounState.swift */,
				E57465A427F8693000F79A52 /* IsVerbPrimedState.swift */,
				E57465A627F8694700F79A52 /* HasVerbPrimedState.swift */,
				E57465A827F86F6000F79A52 /* RejectingState.swift */,
			);
			path = parsing;
			sourceTree = "<group>";
		};
		E57ACB1A27DC582300F73B27 = {
			isa = PBXGroup;
			children = (
				E57ACB2527DC582300F73B27 /* YouHasMe */,
				E5BECBD227E599F100E3952D /* YouHasMeTests */,
				E57ACB2427DC582300F73B27 /* Products */,
			);
			sourceTree = "<group>";
		};
		E57ACB2427DC582300F73B27 /* Products */ = {
			isa = PBXGroup;
			children = (
				E57ACB2327DC582300F73B27 /* YouHasMe.app */,
				E5BECBD127E599F100E3952D /* YouHasMeTests.xctest */,
			);
			name = Products;
			sourceTree = "<group>";
		};
		E57ACB2527DC582300F73B27 /* YouHasMe */ = {
			isa = PBXGroup;
			children = (
				1ED20DB127F84C10002E7683 /* GoogleService-Info.plist */,
				E581F08927F760D600B1CFCB /* audio */,
				E573E95D27EA27BE000D10E4 /* logs */,
				40AD869127E606F300F42C42 /* storage */,
				1E6B90C127E5B2A300161E63 /* views */,
				E57ACB3427DC588100F73B27 /* models */,
				E57ACB2627DC582300F73B27 /* YouHasMeApp.swift */,
				E57ACB2827DC582300F73B27 /* ContentView.swift */,
				E57ACB2A27DC582500F73B27 /* Assets.xcassets */,
				E57ACB2C27DC582500F73B27 /* Preview Content */,
			);
			path = YouHasMe;
			sourceTree = "<group>";
		};
		E57ACB2C27DC582500F73B27 /* Preview Content */ = {
			isa = PBXGroup;
			children = (
				E57ACB2D27DC582500F73B27 /* Preview Assets.xcassets */,
			);
			path = "Preview Content";
			sourceTree = "<group>";
		};
		E57ACB3427DC588100F73B27 /* models */ = {
			isa = PBXGroup;
			children = (
				1ED20DBF27F84D0F002E7683 /* multiplayer */,
				E573E96027EA32DC000D10E4 /* persistable */,
				E5563C3A27E8B551007D2E86 /* helpers */,
				B07AA62627E658F200918E71 /* GameEngine */,
				E5BECBF027E5E87A00E3952D /* entity */,
				E5BECBE327E5BE0200E3952D /* rules */,
				E5BECBDC27E59E0300E3952D /* extensions */,
				E57ACB3527DC58A000F73B27 /* Campaign.swift */,
				E57ACB3D27DC58DD00F73B27 /* Condition.swift */,
				E57ACB3727DC58B000F73B27 /* MetaLevel.swift */,
				E57ACB3927DC58B800F73B27 /* Connector.swift */,
				E57ACB3B27DC58C700F73B27 /* Level.swift */,
				E57ACB4327DC684D00F73B27 /* BidirectionalArray.swift */,
				E57ACB4527DC948400F73B27 /* Outlet.swift */,
				E5BECBE627E5E68200E3952D /* Behaviour.swift */,
				E573E96727EA38E2000D10E4 /* LevelLayer.swift */,
			);
			path = models;
			sourceTree = "<group>";
		};
		E581F08927F760D600B1CFCB /* audio */ = {
			isa = PBXGroup;
			children = (
				E581F08A27F760EA00B1CFCB /* AudioPlayer.swift */,
				E574657B27F8032500F79A52 /* AudioRecorder.swift */,
			);
			path = audio;
			sourceTree = "<group>";
		};
		E581F52727ECCC5600CAC137 /* Views */ = {
			isa = PBXGroup;
			children = (
				E5563C3D27E8CFCC007D2E86 /* MetaLevelDesignerToolbarView.swift */,
				E5563C3227E8ADCF007D2E86 /* MetaLevelDesignerView.swift */,
				E569071827ED4D830010E665 /* MetaLevelDesignerPersistenceView.swift */,
				E57CA5E827EE1B2B008A3AFB /* MetaLevelDesignerPaletteView.swift */,
				E574658227F805B100F79A52 /* PaletteMetaEntityView.swift */,
				E574658627F8096600F79A52 /* ConditionCreatorView.swift */,
				E574658827F8098A00F79A52 /* MetaLevelDesignerTileInfoView.swift */,
			);
			path = Views;
			sourceTree = "<group>";
		};
		E581F52827ECCC6000CAC137 /* View Models */ = {
			isa = PBXGroup;
			children = (
				E5563C3F27E8D09E007D2E86 /* MetaLevelDesignerToolbarViewModel.swift */,
				E5563C3627E8AF69007D2E86 /* MetaLevelDesignerViewModel.swift */,
				E573F43C27F498BC001E9877 /* MetaLevelDesignerTileInfoViewModel.swift */,
				E57453B227F555B3003DAD5C /* ConditionCreatorViewModel.swift */,
				E574658427F805CC00F79A52 /* PaletteMetaEntityViewModel.swift */,
				E574658A27F80B0300F79A52 /* LevelSelectorViewModel.swift */,
			);
			path = "View Models";
			sourceTree = "<group>";
		};
		E581F52D27ECD27E00CAC137 /* shared */ = {
			isa = PBXGroup;
			children = (
				E574657F27F8058300F79A52 /* View Models */,
				E56FE99627EEF21100EBE865 /* extensions */,
				E56752FD27EEA86F0001305D /* Protocols */,
				E56752FC27EEA8650001305D /* Views */,
				E578594327F3EA58009A79F9 /* IntegerViewTranslatable.swift */,
				E578594527F3EA7C009A79F9 /* MetaLevelManipulableViewModel.swift */,
				E578594A27F42C94009A79F9 /* Loadable.swift */,
			);
			path = shared;
			sourceTree = "<group>";
		};
		E5BECBD227E599F100E3952D /* YouHasMeTests */ = {
			isa = PBXGroup;
			children = (
				E5BECBD327E599F100E3952D /* YouHasMeTests.swift */,
				E5BECBDA27E59B2400E3952D /* LevelLayerTests.swift */,
				B07AA63127E65FC500918E71 /* GameEngineTests.swift */,
			);
			path = YouHasMeTests;
			sourceTree = "<group>";
		};
		E5BECBDC27E59E0300E3952D /* extensions */ = {
			isa = PBXGroup;
			children = (
				E5BECBDD27E59E1000E3952D /* Array.swift */,
				E5BECBE127E5B6EF00E3952D /* String.swift */,
				E5563C4527E8E31B007D2E86 /* Double.swift */,
				E581F52527ECBCD900CAC137 /* Int.swift */,
				E573F43E27F4B806001E9877 /* CaseIterable.swift */,
			);
			path = extensions;
			sourceTree = "<group>";
		};
		E5BECBE327E5BE0200E3952D /* rules */ = {
			isa = PBXGroup;
			children = (
				E574658E27F8664600F79A52 /* matching */,
				E574658F27F8665500F79A52 /* parsing */,
				E57ACB4127DC677A00F73B27 /* Rule.swift */,
				E5BECBE427E5BE1300E3952D /* RuleBuilder.swift */,
				E5BECBE827E5E7C700E3952D /* RuleParser.swift */,
				E5BECBEA27E5E7E900E3952D /* RuleValidator.swift */,
				E5BECBEC27E5E7FD00E3952D /* RuleEngine.swift */,
				E5BECBEE27E5E84200E3952D /* DefaultRules.swift */,
			);
			path = rules;
			sourceTree = "<group>";
		};
		E5BECBF027E5E87A00E3952D /* entity */ = {
			isa = PBXGroup;
			children = (
				E5BECBDF27E5A64B00E3952D /* Entity.swift */,
				E57ACB3F27DC675E00F73B27 /* EntityType.swift */,
				E5BECBF127E5E8B900E3952D /* Noun.swift */,
				E5BECBF327E5E8BF00E3952D /* Verb.swift */,
				E5BECBF527E5E8C600E3952D /* Property.swift */,
				E5BECBF727E5E8FF00E3952D /* Classification.swift */,
				E5BECBF927E5E91200E3952D /* Connective.swift */,
			);
			path = entity;
			sourceTree = "<group>";
		};
		E5EC5B5727F36ABF00BAE834 /* View Models */ = {
			isa = PBXGroup;
			children = (
				E5EC5B5827F36ACE00BAE834 /* MetaLevelPlayViewModel.swift */,
				E578594827F4180B009A79F9 /* MessagesViewModel.swift */,
				E57C329827F5D62900077BC9 /* LevelInfoViewModel.swift */,
			);
			path = "View Models";
			sourceTree = "<group>";
		};
/* End PBXGroup section */

/* Begin PBXNativeTarget section */
		E57ACB2227DC582300F73B27 /* YouHasMe */ = {
			isa = PBXNativeTarget;
			buildConfigurationList = E57ACB3127DC582500F73B27 /* Build configuration list for PBXNativeTarget "YouHasMe" */;
			buildPhases = (
				E57ACB1F27DC582300F73B27 /* Sources */,
				E57ACB2027DC582300F73B27 /* Frameworks */,
				E57ACB2127DC582300F73B27 /* Resources */,
				B0F9DEC927E624E5002C0977 /* ShellScript */,
			);
			buildRules = (
			);
			dependencies = (
			);
			name = YouHasMe;
			packageProductDependencies = (
				1ED20DB527F84C51002E7683 /* FirebaseAuth */,
				1ED20DB727F84C51002E7683 /* FirebaseAuthCombine-Community */,
				1ED20DB927F84C51002E7683 /* FirebaseFirestore */,
				1ED20DBB27F84C51002E7683 /* FirebaseFirestoreCombine-Community */,
				1ED20DBD27F84C51002E7683 /* FirebaseFirestoreSwift-Beta */,
			);
			productName = YouHasMe;
			productReference = E57ACB2327DC582300F73B27 /* YouHasMe.app */;
			productType = "com.apple.product-type.application";
		};
		E5BECBD027E599F100E3952D /* YouHasMeTests */ = {
			isa = PBXNativeTarget;
			buildConfigurationList = E5BECBD927E599F100E3952D /* Build configuration list for PBXNativeTarget "YouHasMeTests" */;
			buildPhases = (
				E5BECBCD27E599F100E3952D /* Sources */,
				E5BECBCE27E599F100E3952D /* Frameworks */,
				E5BECBCF27E599F100E3952D /* Resources */,
			);
			buildRules = (
			);
			dependencies = (
				E5BECBD627E599F100E3952D /* PBXTargetDependency */,
			);
			name = YouHasMeTests;
			productName = YouHasMeTests;
			productReference = E5BECBD127E599F100E3952D /* YouHasMeTests.xctest */;
			productType = "com.apple.product-type.bundle.unit-test";
		};
/* End PBXNativeTarget section */

/* Begin PBXProject section */
		E57ACB1B27DC582300F73B27 /* Project object */ = {
			isa = PBXProject;
			attributes = {
				BuildIndependentTargetsInParallel = 1;
				LastSwiftUpdateCheck = 1320;
				LastUpgradeCheck = 1320;
				TargetAttributes = {
					E57ACB2227DC582300F73B27 = {
						CreatedOnToolsVersion = 13.2.1;
					};
					E5BECBD027E599F100E3952D = {
						CreatedOnToolsVersion = 13.2.1;
						TestTargetID = E57ACB2227DC582300F73B27;
					};
				};
			};
			buildConfigurationList = E57ACB1E27DC582300F73B27 /* Build configuration list for PBXProject "YouHasMe" */;
			compatibilityVersion = "Xcode 13.0";
			developmentRegion = en;
			hasScannedForEncodings = 0;
			knownRegions = (
				en,
				Base,
			);
			mainGroup = E57ACB1A27DC582300F73B27;
			packageReferences = (
				1ED20DB427F84C51002E7683 /* XCRemoteSwiftPackageReference "firebase-ios-sdk" */,
			);
			productRefGroup = E57ACB2427DC582300F73B27 /* Products */;
			projectDirPath = "";
			projectRoot = "";
			targets = (
				E57ACB2227DC582300F73B27 /* YouHasMe */,
				E5BECBD027E599F100E3952D /* YouHasMeTests */,
			);
		};
/* End PBXProject section */

/* Begin PBXResourcesBuildPhase section */
		E57ACB2127DC582300F73B27 /* Resources */ = {
			isa = PBXResourcesBuildPhase;
			buildActionMask = 2147483647;
			files = (
				E57ACB2E27DC582500F73B27 /* Preview Assets.xcassets in Resources */,
				E57ACB2B27DC582500F73B27 /* Assets.xcassets in Resources */,
				1ED20DB227F84C10002E7683 /* GoogleService-Info.plist in Resources */,
			);
			runOnlyForDeploymentPostprocessing = 0;
		};
		E5BECBCF27E599F100E3952D /* Resources */ = {
			isa = PBXResourcesBuildPhase;
			buildActionMask = 2147483647;
			files = (
				1ED20DB327F84C10002E7683 /* GoogleService-Info.plist in Resources */,
			);
			runOnlyForDeploymentPostprocessing = 0;
		};
/* End PBXResourcesBuildPhase section */

/* Begin PBXShellScriptBuildPhase section */
		B0F9DEC927E624E5002C0977 /* ShellScript */ = {
			isa = PBXShellScriptBuildPhase;
			buildActionMask = 2147483647;
			files = (
			);
			inputFileListPaths = (
			);
			inputPaths = (
			);
			outputFileListPaths = (
			);
			outputPaths = (
			);
			runOnlyForDeploymentPostprocessing = 0;
			shellPath = /bin/sh;
			shellScript = "if which swiftlint >/dev/null; then\n  swiftlint --fix && swiftlint --lenient\nelse\n  echo \"warning: SwiftLint not installed, download from https://github.com/realm/SwiftLint\"\nfi\n";
		};
/* End PBXShellScriptBuildPhase section */

/* Begin PBXSourcesBuildPhase section */
		E57ACB1F27DC582300F73B27 /* Sources */ = {
			isa = PBXSourcesBuildPhase;
			buildActionMask = 2147483647;
			files = (
				E5BECBF427E5E8BF00E3952D /* Verb.swift in Sources */,
				E581F08B27F760EA00B1CFCB /* AudioPlayer.swift in Sources */,
				E57ACB3E27DC58DD00F73B27 /* Condition.swift in Sources */,
				1ED20DCA27F84D49002E7683 /* OpenWorldRoom.swift in Sources */,
				E56752FF27EEB9FC0001305D /* MetaLevelSelectView.swift in Sources */,
				E57465A127F868E200F79A52 /* IsVerbConcatNounPropState.swift in Sources */,
				B07AA62F27E658F200918E71 /* UpdateType.swift in Sources */,
				40AD869327E6073A00F42C42 /* LevelPersistenceView.swift in Sources */,
				E574659327F8668000F79A52 /* QuadDirectionalMatchingStrategy.swift in Sources */,
				E5563C4027E8D09E007D2E86 /* MetaLevelDesignerToolbarViewModel.swift in Sources */,
				E573F43F27F4B806001E9877 /* CaseIterable.swift in Sources */,
				E574658D27F835D300F79A52 /* PersistableMetaEntityType.swift in Sources */,
				E57465A327F8691500F79A52 /* HasVerbConcatNounState.swift in Sources */,
				E5EC5B5627F3696200BAE834 /* MetaLevelPlayView.swift in Sources */,
				E573E96827EA38E2000D10E4 /* LevelLayer.swift in Sources */,
				E581F08827F75C3900B1CFCB /* Image.swift in Sources */,
				1ED20DC127F84D2E002E7683 /* UploadedMetaLevel.swift in Sources */,
				E5BECBED27E5E7FD00E3952D /* RuleEngine.swift in Sources */,
				E57ACB3C27DC58C700F73B27 /* Level.swift in Sources */,
				E573E96627EA3548000D10E4 /* PersistableMetaTile.swift in Sources */,
				E57ACB2927DC582300F73B27 /* ContentView.swift in Sources */,
				E573E96227EA32F7000D10E4 /* PersistableChunkNode.swift in Sources */,
				1E96EB9327E7264100321BEB /* LevelSelectView.swift in Sources */,
				E574658327F805B100F79A52 /* PaletteMetaEntityView.swift in Sources */,
				1ED20DC727F84D40002E7683 /* UploadedChunkNode.swift in Sources */,
				E5563C4627E8E31B007D2E86 /* Double.swift in Sources */,
				E5BECBE527E5BE1300E3952D /* RuleBuilder.swift in Sources */,
				E57465A527F8693000F79A52 /* IsVerbPrimedState.swift in Sources */,
				E573E95F27EA27CC000D10E4 /* LoggerWrapper.swift in Sources */,
				E574659F27F868BC00F79A52 /* HasVerbState.swift in Sources */,
				E57ACB4227DC677A00F73B27 /* Rule.swift in Sources */,
				E574657E27F8056A00F79A52 /* MetaEntityView.swift in Sources */,
				40AD869527E60AC400F42C42 /* StorageUtil.swift in Sources */,
				1E96EB8D27E7254000321BEB /* MainMenuView.swift in Sources */,
				1ED20DCD27F84D52002E7683 /* MetaLevelRoom.swift in Sources */,
				E569071927ED4D830010E665 /* MetaLevelDesignerPersistenceView.swift in Sources */,
				E5563C3727E8AF69007D2E86 /* MetaLevelDesignerViewModel.swift in Sources */,
				E5BECBE927E5E7C700E3952D /* RuleParser.swift in Sources */,
				E5BECBE227E5B6EF00E3952D /* String.swift in Sources */,
				E5563C3527E8AF34007D2E86 /* MetaLevelGridView.swift in Sources */,
				E57ACB3827DC58B000F73B27 /* MetaLevel.swift in Sources */,
				E5BECBFA27E5E91200E3952D /* Connective.swift in Sources */,
				E57465A927F86F6000F79A52 /* RejectingState.swift in Sources */,
				E578594627F3EA7C009A79F9 /* MetaLevelManipulableViewModel.swift in Sources */,
				E574659927F8685C00F79A52 /* NounState.swift in Sources */,
				1E6B90C627E5B43F00161E63 /* Entities.swift in Sources */,
				E57ACB4427DC684D00F73B27 /* BidirectionalArray.swift in Sources */,
				E5BECBEF27E5E84200E3952D /* DefaultRules.swift in Sources */,
				E578594427F3EA58009A79F9 /* IntegerViewTranslatable.swift in Sources */,
				E57ACB4627DC948400F73B27 /* Outlet.swift in Sources */,
				B03EEE9B27F2CED90050D295 /* EntityState.swift in Sources */,
				1E6B90CE27E5B8AF00161E63 /* LevelDesignerViewModel.swift in Sources */,
				B06FEA0327E73D58005A3D1B /* Location.swift in Sources */,
				E5BECBEB27E5E7E900E3952D /* RuleValidator.swift in Sources */,
				1ED20DC427F84D37002E7683 /* UploadedLevel.swift in Sources */,
				E574658527F805CC00F79A52 /* PaletteMetaEntityViewModel.swift in Sources */,
				E575264C27E965410045D3D6 /* ChunkNode.swift in Sources */,
				E574659B27F8689000F79A52 /* NounConcatAndState.swift in Sources */,
				E57C329927F5D62900077BC9 /* LevelInfoViewModel.swift in Sources */,
				E574659D27F868AC00F79A52 /* IsVerbState.swift in Sources */,
				B0592D3827F21986002EC0C3 /* BoundaryMechanic.swift in Sources */,
				E5BECBF627E5E8C600E3952D /* Property.swift in Sources */,
				E573E95C27EA2797000D10E4 /* Storage.swift in Sources */,
				E567530227EEBACD0001305D /* MetaLevelSelectViewModel.swift in Sources */,
				E574659127F8666700F79A52 /* SouthwardEastwardMatchingStrategy.swift in Sources */,
				1E6B90CC27E5B6DE00161E63 /* GameGridView.swift in Sources */,
				1E96EB8F27E7255200321BEB /* GameState.swift in Sources */,
				E573E96427EA3326000D10E4 /* PersistableMetaLevel.swift in Sources */,
				E5563C3327E8ADCF007D2E86 /* MetaLevelDesignerView.swift in Sources */,
				1E6B90C827E5B4B400161E63 /* LevelDesignerView.swift in Sources */,
				1E6B90C427E5B2BF00161E63 /* CellView.swift in Sources */,
				1E6B90CA27E5B55100161E63 /* PaletteView.swift in Sources */,
				B07AA62E27E658F200918E71 /* GameEngine.swift in Sources */,
				E574657C27F8032500F79A52 /* AudioRecorder.swift in Sources */,
				E57ACB4027DC675E00F73B27 /* EntityType.swift in Sources */,
				E573E95A27EA2120000D10E4 /* DataStringConvertible.swift in Sources */,
				E57ACB3627DC58A000F73B27 /* Campaign.swift in Sources */,
				E574659727F8670F00F79A52 /* EpsilonState.swift in Sources */,
				E5BECBE727E5E68200E3952D /* Behaviour.swift in Sources */,
				E5BECBDE27E59E1000E3952D /* Array.swift in Sources */,
				E5BECBF227E5E8B900E3952D /* Noun.swift in Sources */,
				40AD869927E617B300F42C42 /* GameStorage.swift in Sources */,
				E578594B27F42C94009A79F9 /* Loadable.swift in Sources */,
				1E96EB9127E725DF00321BEB /* GameView.swift in Sources */,
				E574659527F866A400F79A52 /* DeterministicFiniteAutomaton.swift in Sources */,
				E581F52C27ECD0E500CAC137 /* NavigationFrame.swift in Sources */,
				1ED20DD027F84D59002E7683 /* LevelRoom.swift in Sources */,
				E574658727F8096600F79A52 /* ConditionCreatorView.swift in Sources */,
				B03EEE9D27F2CEF10050D295 /* EntityIntent.swift in Sources */,
				B07AA62C27E658F200918E71 /* PlayerMoveMechanic.swift in Sources */,
				E581F52627ECBCD900CAC137 /* Int.swift in Sources */,
				1ED20DE027F85C32002E7683 /* UploadedMetaLevelSelectionView.swift in Sources */,
				1ED20DDD27F85879002E7683 /* FirebaseOpenWorldRoomStorage.swift in Sources */,
				E5563C4427E8DF87007D2E86 /* CGPoint.swift in Sources */,
				E5563C4827E8E5D5007D2E86 /* Vector.swift in Sources */,
				B03EEE9927F2CEC50050D295 /* LevelLayerState.swift in Sources */,
				E5563C4227E8DF6A007D2E86 /* CGVector.swift in Sources */,
				1ED20DD927F856C4002E7683 /* RoomListViewModel.swift in Sources */,
				E578594927F4180B009A79F9 /* MessagesViewModel.swift in Sources */,
				E5563C3E27E8CFCC007D2E86 /* MetaLevelDesignerToolbarView.swift in Sources */,
				E5BECBE027E5A64B00E3952D /* Entity.swift in Sources */,
				1ED20DE327F85C40002E7683 /* UploadedMetaLevelSelectionViewModel.swift in Sources */,
				E574658B27F80B0300F79A52 /* LevelSelectorViewModel.swift in Sources */,
				E5563C3927E8B213007D2E86 /* ViewConstants.swift in Sources */,
				B07AA62D27E658F200918E71 /* EntityAction.swift in Sources */,
				E5EC5B5927F36ACE00BAE834 /* MetaLevelPlayViewModel.swift in Sources */,
				1ED20DE627F85FC2002E7683 /* FirebaseUploadedMetaLevelStorage.swift in Sources */,
				1ED20DD627F856A7002E7683 /* RoomListView.swift in Sources */,
				E573F43D27F498BC001E9877 /* MetaLevelDesignerTileInfoViewModel.swift in Sources */,
				E574658127F8059000F79A52 /* MetaEntityViewModel.swift in Sources */,
				E581F52F27ECD29800CAC137 /* ContainerView.swift in Sources */,
				E57465A727F8694700F79A52 /* HasVerbPrimedState.swift in Sources */,
				1E96EB9527E726CC00321BEB /* LevelPlayView.swift in Sources */,
				B07AA63027E658F200918E71 /* GameMechanic.swift in Sources */,
				E5563C3C27E8B55E007D2E86 /* Point.swift in Sources */,
				E57453B327F555B3003DAD5C /* ConditionCreatorViewModel.swift in Sources */,
				E57ACB3A27DC58B800F73B27 /* Connector.swift in Sources */,
				B0592D3A27F219B1002EC0C3 /* PushMechanic.swift in Sources */,
				E574658927F8098A00F79A52 /* MetaLevelDesignerTileInfoView.swift in Sources */,
				E573E95827EA1A34000D10E4 /* Rectangle.swift in Sources */,
				E57ACB2727DC582300F73B27 /* YouHasMeApp.swift in Sources */,
				E5BECBF827E5E8FF00E3952D /* Classification.swift in Sources */,
				E57CA5E927EE1B2B008A3AFB /* MetaLevelDesignerPaletteView.swift in Sources */,
			);
			runOnlyForDeploymentPostprocessing = 0;
		};
		E5BECBCD27E599F100E3952D /* Sources */ = {
			isa = PBXSourcesBuildPhase;
			buildActionMask = 2147483647;
			files = (
				1ED20DDA27F856C4002E7683 /* RoomListViewModel.swift in Sources */,
				1ED20DCB27F84D49002E7683 /* OpenWorldRoom.swift in Sources */,
				E5BECBDB27E59B2400E3952D /* LevelLayerTests.swift in Sources */,
				1ED20DCE27F84D52002E7683 /* MetaLevelRoom.swift in Sources */,
				1ED20DE427F85C40002E7683 /* UploadedMetaLevelSelectionViewModel.swift in Sources */,
				E5BECBD427E599F100E3952D /* YouHasMeTests.swift in Sources */,
				B07AA63227E65FC600918E71 /* GameEngineTests.swift in Sources */,
				1ED20DDE27F85879002E7683 /* FirebaseOpenWorldRoomStorage.swift in Sources */,
				1ED20DC827F84D40002E7683 /* UploadedChunkNode.swift in Sources */,
				1ED20DC227F84D2E002E7683 /* UploadedMetaLevel.swift in Sources */,
				1ED20DE727F85FC2002E7683 /* FirebaseUploadedMetaLevelStorage.swift in Sources */,
				1ED20DD127F84D59002E7683 /* LevelRoom.swift in Sources */,
				1ED20DE127F85C32002E7683 /* UploadedMetaLevelSelectionView.swift in Sources */,
				1ED20DC527F84D37002E7683 /* UploadedLevel.swift in Sources */,
				1ED20DD727F856A7002E7683 /* RoomListView.swift in Sources */,
			);
			runOnlyForDeploymentPostprocessing = 0;
		};
/* End PBXSourcesBuildPhase section */

/* Begin PBXTargetDependency section */
		E5BECBD627E599F100E3952D /* PBXTargetDependency */ = {
			isa = PBXTargetDependency;
			target = E57ACB2227DC582300F73B27 /* YouHasMe */;
			targetProxy = E5BECBD527E599F100E3952D /* PBXContainerItemProxy */;
		};
/* End PBXTargetDependency section */

/* Begin XCBuildConfiguration section */
		E57ACB2F27DC582500F73B27 /* Debug */ = {
			isa = XCBuildConfiguration;
			buildSettings = {
				ALWAYS_SEARCH_USER_PATHS = NO;
				CLANG_ANALYZER_NONNULL = YES;
				CLANG_ANALYZER_NUMBER_OBJECT_CONVERSION = YES_AGGRESSIVE;
				CLANG_CXX_LANGUAGE_STANDARD = "gnu++17";
				CLANG_CXX_LIBRARY = "libc++";
				CLANG_ENABLE_MODULES = YES;
				CLANG_ENABLE_OBJC_ARC = YES;
				CLANG_ENABLE_OBJC_WEAK = YES;
				CLANG_WARN_BLOCK_CAPTURE_AUTORELEASING = YES;
				CLANG_WARN_BOOL_CONVERSION = YES;
				CLANG_WARN_COMMA = YES;
				CLANG_WARN_CONSTANT_CONVERSION = YES;
				CLANG_WARN_DEPRECATED_OBJC_IMPLEMENTATIONS = YES;
				CLANG_WARN_DIRECT_OBJC_ISA_USAGE = YES_ERROR;
				CLANG_WARN_DOCUMENTATION_COMMENTS = YES;
				CLANG_WARN_EMPTY_BODY = YES;
				CLANG_WARN_ENUM_CONVERSION = YES;
				CLANG_WARN_INFINITE_RECURSION = YES;
				CLANG_WARN_INT_CONVERSION = YES;
				CLANG_WARN_NON_LITERAL_NULL_CONVERSION = YES;
				CLANG_WARN_OBJC_IMPLICIT_RETAIN_SELF = YES;
				CLANG_WARN_OBJC_LITERAL_CONVERSION = YES;
				CLANG_WARN_OBJC_ROOT_CLASS = YES_ERROR;
				CLANG_WARN_QUOTED_INCLUDE_IN_FRAMEWORK_HEADER = YES;
				CLANG_WARN_RANGE_LOOP_ANALYSIS = YES;
				CLANG_WARN_STRICT_PROTOTYPES = YES;
				CLANG_WARN_SUSPICIOUS_MOVE = YES;
				CLANG_WARN_UNGUARDED_AVAILABILITY = YES_AGGRESSIVE;
				CLANG_WARN_UNREACHABLE_CODE = YES;
				CLANG_WARN__DUPLICATE_METHOD_MATCH = YES;
				COPY_PHASE_STRIP = NO;
				DEBUG_INFORMATION_FORMAT = dwarf;
				ENABLE_STRICT_OBJC_MSGSEND = YES;
				ENABLE_TESTABILITY = YES;
				GCC_C_LANGUAGE_STANDARD = gnu11;
				GCC_DYNAMIC_NO_PIC = NO;
				GCC_NO_COMMON_BLOCKS = YES;
				GCC_OPTIMIZATION_LEVEL = 0;
				GCC_PREPROCESSOR_DEFINITIONS = (
					"DEBUG=1",
					"$(inherited)",
				);
				GCC_WARN_64_TO_32_BIT_CONVERSION = YES;
				GCC_WARN_ABOUT_RETURN_TYPE = YES_ERROR;
				GCC_WARN_UNDECLARED_SELECTOR = YES;
				GCC_WARN_UNINITIALIZED_AUTOS = YES_AGGRESSIVE;
				GCC_WARN_UNUSED_FUNCTION = YES;
				GCC_WARN_UNUSED_VARIABLE = YES;
				IPHONEOS_DEPLOYMENT_TARGET = 15.2;
				MTL_ENABLE_DEBUG_INFO = INCLUDE_SOURCE;
				MTL_FAST_MATH = YES;
				ONLY_ACTIVE_ARCH = YES;
				SDKROOT = iphoneos;
				SWIFT_ACTIVE_COMPILATION_CONDITIONS = DEBUG;
				SWIFT_OPTIMIZATION_LEVEL = "-Onone";
			};
			name = Debug;
		};
		E57ACB3027DC582500F73B27 /* Release */ = {
			isa = XCBuildConfiguration;
			buildSettings = {
				ALWAYS_SEARCH_USER_PATHS = NO;
				CLANG_ANALYZER_NONNULL = YES;
				CLANG_ANALYZER_NUMBER_OBJECT_CONVERSION = YES_AGGRESSIVE;
				CLANG_CXX_LANGUAGE_STANDARD = "gnu++17";
				CLANG_CXX_LIBRARY = "libc++";
				CLANG_ENABLE_MODULES = YES;
				CLANG_ENABLE_OBJC_ARC = YES;
				CLANG_ENABLE_OBJC_WEAK = YES;
				CLANG_WARN_BLOCK_CAPTURE_AUTORELEASING = YES;
				CLANG_WARN_BOOL_CONVERSION = YES;
				CLANG_WARN_COMMA = YES;
				CLANG_WARN_CONSTANT_CONVERSION = YES;
				CLANG_WARN_DEPRECATED_OBJC_IMPLEMENTATIONS = YES;
				CLANG_WARN_DIRECT_OBJC_ISA_USAGE = YES_ERROR;
				CLANG_WARN_DOCUMENTATION_COMMENTS = YES;
				CLANG_WARN_EMPTY_BODY = YES;
				CLANG_WARN_ENUM_CONVERSION = YES;
				CLANG_WARN_INFINITE_RECURSION = YES;
				CLANG_WARN_INT_CONVERSION = YES;
				CLANG_WARN_NON_LITERAL_NULL_CONVERSION = YES;
				CLANG_WARN_OBJC_IMPLICIT_RETAIN_SELF = YES;
				CLANG_WARN_OBJC_LITERAL_CONVERSION = YES;
				CLANG_WARN_OBJC_ROOT_CLASS = YES_ERROR;
				CLANG_WARN_QUOTED_INCLUDE_IN_FRAMEWORK_HEADER = YES;
				CLANG_WARN_RANGE_LOOP_ANALYSIS = YES;
				CLANG_WARN_STRICT_PROTOTYPES = YES;
				CLANG_WARN_SUSPICIOUS_MOVE = YES;
				CLANG_WARN_UNGUARDED_AVAILABILITY = YES_AGGRESSIVE;
				CLANG_WARN_UNREACHABLE_CODE = YES;
				CLANG_WARN__DUPLICATE_METHOD_MATCH = YES;
				COPY_PHASE_STRIP = NO;
				DEBUG_INFORMATION_FORMAT = "dwarf-with-dsym";
				ENABLE_NS_ASSERTIONS = NO;
				ENABLE_STRICT_OBJC_MSGSEND = YES;
				GCC_C_LANGUAGE_STANDARD = gnu11;
				GCC_NO_COMMON_BLOCKS = YES;
				GCC_WARN_64_TO_32_BIT_CONVERSION = YES;
				GCC_WARN_ABOUT_RETURN_TYPE = YES_ERROR;
				GCC_WARN_UNDECLARED_SELECTOR = YES;
				GCC_WARN_UNINITIALIZED_AUTOS = YES_AGGRESSIVE;
				GCC_WARN_UNUSED_FUNCTION = YES;
				GCC_WARN_UNUSED_VARIABLE = YES;
				IPHONEOS_DEPLOYMENT_TARGET = 15.2;
				MTL_ENABLE_DEBUG_INFO = NO;
				MTL_FAST_MATH = YES;
				SDKROOT = iphoneos;
				SWIFT_COMPILATION_MODE = wholemodule;
				SWIFT_OPTIMIZATION_LEVEL = "-O";
				VALIDATE_PRODUCT = YES;
			};
			name = Release;
		};
		E57ACB3227DC582500F73B27 /* Debug */ = {
			isa = XCBuildConfiguration;
			buildSettings = {
				ASSETCATALOG_COMPILER_APPICON_NAME = AppIcon;
				ASSETCATALOG_COMPILER_GLOBAL_ACCENT_COLOR_NAME = AccentColor;
				CODE_SIGN_STYLE = Automatic;
				CURRENT_PROJECT_VERSION = 1;
				DEVELOPMENT_ASSET_PATHS = "\"YouHasMe/Preview Content\"";
				DEVELOPMENT_TEAM = V49TK7QJQ5;
				ENABLE_PREVIEWS = YES;
				GENERATE_INFOPLIST_FILE = YES;
				INFOPLIST_KEY_UIApplicationSceneManifest_Generation = YES;
				INFOPLIST_KEY_UIApplicationSupportsIndirectInputEvents = YES;
				INFOPLIST_KEY_UILaunchScreen_Generation = YES;
				INFOPLIST_KEY_UISupportedInterfaceOrientations_iPad = "UIInterfaceOrientationPortrait UIInterfaceOrientationPortraitUpsideDown UIInterfaceOrientationLandscapeLeft UIInterfaceOrientationLandscapeRight";
				INFOPLIST_KEY_UISupportedInterfaceOrientations_iPhone = "UIInterfaceOrientationPortrait UIInterfaceOrientationLandscapeLeft UIInterfaceOrientationLandscapeRight";
				LD_RUNPATH_SEARCH_PATHS = (
					"$(inherited)",
					"@executable_path/Frameworks",
				);
				MARKETING_VERSION = 1.0;
				PRODUCT_BUNDLE_IDENTIFIER = YouHasMe;
				PRODUCT_NAME = "$(TARGET_NAME)";
				SWIFT_EMIT_LOC_STRINGS = YES;
				SWIFT_VERSION = 5.0;
				TARGETED_DEVICE_FAMILY = "1,2";
			};
			name = Debug;
		};
		E57ACB3327DC582500F73B27 /* Release */ = {
			isa = XCBuildConfiguration;
			buildSettings = {
				ASSETCATALOG_COMPILER_APPICON_NAME = AppIcon;
				ASSETCATALOG_COMPILER_GLOBAL_ACCENT_COLOR_NAME = AccentColor;
				CODE_SIGN_STYLE = Automatic;
				CURRENT_PROJECT_VERSION = 1;
				DEVELOPMENT_ASSET_PATHS = "\"YouHasMe/Preview Content\"";
				DEVELOPMENT_TEAM = V49TK7QJQ5;
				ENABLE_PREVIEWS = YES;
				GENERATE_INFOPLIST_FILE = YES;
				INFOPLIST_KEY_UIApplicationSceneManifest_Generation = YES;
				INFOPLIST_KEY_UIApplicationSupportsIndirectInputEvents = YES;
				INFOPLIST_KEY_UILaunchScreen_Generation = YES;
				INFOPLIST_KEY_UISupportedInterfaceOrientations_iPad = "UIInterfaceOrientationPortrait UIInterfaceOrientationPortraitUpsideDown UIInterfaceOrientationLandscapeLeft UIInterfaceOrientationLandscapeRight";
				INFOPLIST_KEY_UISupportedInterfaceOrientations_iPhone = "UIInterfaceOrientationPortrait UIInterfaceOrientationLandscapeLeft UIInterfaceOrientationLandscapeRight";
				LD_RUNPATH_SEARCH_PATHS = (
					"$(inherited)",
					"@executable_path/Frameworks",
				);
				MARKETING_VERSION = 1.0;
				PRODUCT_BUNDLE_IDENTIFIER = YouHasMe;
				PRODUCT_NAME = "$(TARGET_NAME)";
				SWIFT_EMIT_LOC_STRINGS = YES;
				SWIFT_VERSION = 5.0;
				TARGETED_DEVICE_FAMILY = "1,2";
			};
			name = Release;
		};
		E5BECBD727E599F100E3952D /* Debug */ = {
			isa = XCBuildConfiguration;
			buildSettings = {
				BUNDLE_LOADER = "$(TEST_HOST)";
				CODE_SIGN_STYLE = Automatic;
				CURRENT_PROJECT_VERSION = 1;
				DEVELOPMENT_TEAM = V49TK7QJQ5;
				GENERATE_INFOPLIST_FILE = YES;
				MARKETING_VERSION = 1.0;
				PRODUCT_BUNDLE_IDENTIFIER = sunjc826.YouHasMeTests;
				PRODUCT_NAME = "$(TARGET_NAME)";
				SWIFT_EMIT_LOC_STRINGS = NO;
				SWIFT_VERSION = 5.0;
				TARGETED_DEVICE_FAMILY = "1,2";
				TEST_HOST = "$(BUILT_PRODUCTS_DIR)/YouHasMe.app/YouHasMe";
			};
			name = Debug;
		};
		E5BECBD827E599F100E3952D /* Release */ = {
			isa = XCBuildConfiguration;
			buildSettings = {
				BUNDLE_LOADER = "$(TEST_HOST)";
				CODE_SIGN_STYLE = Automatic;
				CURRENT_PROJECT_VERSION = 1;
				DEVELOPMENT_TEAM = V49TK7QJQ5;
				GENERATE_INFOPLIST_FILE = YES;
				MARKETING_VERSION = 1.0;
				PRODUCT_BUNDLE_IDENTIFIER = sunjc826.YouHasMeTests;
				PRODUCT_NAME = "$(TARGET_NAME)";
				SWIFT_EMIT_LOC_STRINGS = NO;
				SWIFT_VERSION = 5.0;
				TARGETED_DEVICE_FAMILY = "1,2";
				TEST_HOST = "$(BUILT_PRODUCTS_DIR)/YouHasMe.app/YouHasMe";
			};
			name = Release;
		};
/* End XCBuildConfiguration section */

/* Begin XCConfigurationList section */
		E57ACB1E27DC582300F73B27 /* Build configuration list for PBXProject "YouHasMe" */ = {
			isa = XCConfigurationList;
			buildConfigurations = (
				E57ACB2F27DC582500F73B27 /* Debug */,
				E57ACB3027DC582500F73B27 /* Release */,
			);
			defaultConfigurationIsVisible = 0;
			defaultConfigurationName = Release;
		};
		E57ACB3127DC582500F73B27 /* Build configuration list for PBXNativeTarget "YouHasMe" */ = {
			isa = XCConfigurationList;
			buildConfigurations = (
				E57ACB3227DC582500F73B27 /* Debug */,
				E57ACB3327DC582500F73B27 /* Release */,
			);
			defaultConfigurationIsVisible = 0;
			defaultConfigurationName = Release;
		};
		E5BECBD927E599F100E3952D /* Build configuration list for PBXNativeTarget "YouHasMeTests" */ = {
			isa = XCConfigurationList;
			buildConfigurations = (
				E5BECBD727E599F100E3952D /* Debug */,
				E5BECBD827E599F100E3952D /* Release */,
			);
			defaultConfigurationIsVisible = 0;
			defaultConfigurationName = Release;
		};
/* End XCConfigurationList section */

/* Begin XCRemoteSwiftPackageReference section */
		1ED20DB427F84C51002E7683 /* XCRemoteSwiftPackageReference "firebase-ios-sdk" */ = {
			isa = XCRemoteSwiftPackageReference;
			repositoryURL = "https://github.com/firebase/firebase-ios-sdk";
			requirement = {
				branch = master;
				kind = branch;
			};
		};
/* End XCRemoteSwiftPackageReference section */

/* Begin XCSwiftPackageProductDependency section */
		1ED20DB527F84C51002E7683 /* FirebaseAuth */ = {
			isa = XCSwiftPackageProductDependency;
			package = 1ED20DB427F84C51002E7683 /* XCRemoteSwiftPackageReference "firebase-ios-sdk" */;
			productName = FirebaseAuth;
		};
		1ED20DB727F84C51002E7683 /* FirebaseAuthCombine-Community */ = {
			isa = XCSwiftPackageProductDependency;
			package = 1ED20DB427F84C51002E7683 /* XCRemoteSwiftPackageReference "firebase-ios-sdk" */;
			productName = "FirebaseAuthCombine-Community";
		};
		1ED20DB927F84C51002E7683 /* FirebaseFirestore */ = {
			isa = XCSwiftPackageProductDependency;
			package = 1ED20DB427F84C51002E7683 /* XCRemoteSwiftPackageReference "firebase-ios-sdk" */;
			productName = FirebaseFirestore;
		};
		1ED20DBB27F84C51002E7683 /* FirebaseFirestoreCombine-Community */ = {
			isa = XCSwiftPackageProductDependency;
			package = 1ED20DB427F84C51002E7683 /* XCRemoteSwiftPackageReference "firebase-ios-sdk" */;
			productName = "FirebaseFirestoreCombine-Community";
		};
		1ED20DBD27F84C51002E7683 /* FirebaseFirestoreSwift-Beta */ = {
			isa = XCSwiftPackageProductDependency;
			package = 1ED20DB427F84C51002E7683 /* XCRemoteSwiftPackageReference "firebase-ios-sdk" */;
			productName = "FirebaseFirestoreSwift-Beta";
		};
/* End XCSwiftPackageProductDependency section */
	};
	rootObject = E57ACB1B27DC582300F73B27 /* Project object */;
}
