// !$*UTF8*$!
{
	archiveVersion = 1;
	classes = {
	};
	objectVersion = 55;
	objects = {

/* Begin PBXBuildFile section */
		1E6B90C427E5B2BF00161E63 /* EntityView.swift in Sources */ = {isa = PBXBuildFile; fileRef = 1E6B90C327E5B2BF00161E63 /* EntityView.swift */; };
		1E6B90C627E5B43F00161E63 /* Entities.swift in Sources */ = {isa = PBXBuildFile; fileRef = 1E6B90C527E5B43F00161E63 /* Entities.swift */; };
		1E6B90C827E5B4B400161E63 /* LevelDesignerView.swift in Sources */ = {isa = PBXBuildFile; fileRef = 1E6B90C727E5B4B400161E63 /* LevelDesignerView.swift */; };
		1E6B90CA27E5B55100161E63 /* PaletteView.swift in Sources */ = {isa = PBXBuildFile; fileRef = 1E6B90C927E5B55100161E63 /* PaletteView.swift */; };
		1E6B90CC27E5B6DE00161E63 /* GameGridView.swift in Sources */ = {isa = PBXBuildFile; fileRef = 1E6B90CB27E5B6DE00161E63 /* GameGridView.swift */; };
		1E6B90CE27E5B8AF00161E63 /* LevelDesignerViewModel.swift in Sources */ = {isa = PBXBuildFile; fileRef = 1E6B90CD27E5B8AF00161E63 /* LevelDesignerViewModel.swift */; };
		B0A318BD27E62B3100D3B295 /* GameEngine.swift in Sources */ = {isa = PBXBuildFile; fileRef = B0A318BC27E62B3100D3B295 /* GameEngine.swift */; };
		B0A318C027E6338700D3B295 /* EntityAction.swift in Sources */ = {isa = PBXBuildFile; fileRef = B0A318BF27E6338700D3B295 /* EntityAction.swift */; };
		B0A318C227E634C700D3B295 /* BehaviourSystem.swift in Sources */ = {isa = PBXBuildFile; fileRef = B0A318C127E634C700D3B295 /* BehaviourSystem.swift */; };
		B0A318C427E634DE00D3B295 /* MoveSystem.swift in Sources */ = {isa = PBXBuildFile; fileRef = B0A318C327E634DE00D3B295 /* MoveSystem.swift */; };
		B0A318C627E6357000D3B295 /* UpdateAction.swift in Sources */ = {isa = PBXBuildFile; fileRef = B0A318C527E6357000D3B295 /* UpdateAction.swift */; };
		40AD869327E6073A00F42C42 /* LevelEditRowView.swift in Sources */ = {isa = PBXBuildFile; fileRef = 40AD869227E6073A00F42C42 /* LevelEditRowView.swift */; };
		40AD869527E60AC400F42C42 /* StorageUtil.swift in Sources */ = {isa = PBXBuildFile; fileRef = 40AD869427E60AC400F42C42 /* StorageUtil.swift */; };
		40AD869927E617B300F42C42 /* GameStorage.swift in Sources */ = {isa = PBXBuildFile; fileRef = 40AD869827E617B300F42C42 /* GameStorage.swift */; };
		E57ACB2727DC582300F73B27 /* YouHasMeApp.swift in Sources */ = {isa = PBXBuildFile; fileRef = E57ACB2627DC582300F73B27 /* YouHasMeApp.swift */; };
		E57ACB2927DC582300F73B27 /* ContentView.swift in Sources */ = {isa = PBXBuildFile; fileRef = E57ACB2827DC582300F73B27 /* ContentView.swift */; };
		E57ACB2B27DC582500F73B27 /* Assets.xcassets in Resources */ = {isa = PBXBuildFile; fileRef = E57ACB2A27DC582500F73B27 /* Assets.xcassets */; };
		E57ACB2E27DC582500F73B27 /* Preview Assets.xcassets in Resources */ = {isa = PBXBuildFile; fileRef = E57ACB2D27DC582500F73B27 /* Preview Assets.xcassets */; };
		E57ACB3627DC58A000F73B27 /* Campaign.swift in Sources */ = {isa = PBXBuildFile; fileRef = E57ACB3527DC58A000F73B27 /* Campaign.swift */; };
		E57ACB3827DC58B000F73B27 /* MetaLevel.swift in Sources */ = {isa = PBXBuildFile; fileRef = E57ACB3727DC58B000F73B27 /* MetaLevel.swift */; };
		E57ACB3A27DC58B800F73B27 /* Connector.swift in Sources */ = {isa = PBXBuildFile; fileRef = E57ACB3927DC58B800F73B27 /* Connector.swift */; };
		E57ACB3C27DC58C700F73B27 /* Level.swift in Sources */ = {isa = PBXBuildFile; fileRef = E57ACB3B27DC58C700F73B27 /* Level.swift */; };
		E57ACB3E27DC58DD00F73B27 /* Condition.swift in Sources */ = {isa = PBXBuildFile; fileRef = E57ACB3D27DC58DD00F73B27 /* Condition.swift */; };
		E57ACB4027DC675E00F73B27 /* EntityType.swift in Sources */ = {isa = PBXBuildFile; fileRef = E57ACB3F27DC675E00F73B27 /* EntityType.swift */; };
		E57ACB4227DC677A00F73B27 /* Rule.swift in Sources */ = {isa = PBXBuildFile; fileRef = E57ACB4127DC677A00F73B27 /* Rule.swift */; };
		E57ACB4427DC684D00F73B27 /* BidirectionalArray.swift in Sources */ = {isa = PBXBuildFile; fileRef = E57ACB4327DC684D00F73B27 /* BidirectionalArray.swift */; };
		E57ACB4627DC948400F73B27 /* Outlet.swift in Sources */ = {isa = PBXBuildFile; fileRef = E57ACB4527DC948400F73B27 /* Outlet.swift */; };
		E5BECBD427E599F100E3952D /* YouHasMeTests.swift in Sources */ = {isa = PBXBuildFile; fileRef = E5BECBD327E599F100E3952D /* YouHasMeTests.swift */; };
		E5BECBDB27E59B2400E3952D /* LevelLayerTests.swift in Sources */ = {isa = PBXBuildFile; fileRef = E5BECBDA27E59B2400E3952D /* LevelLayerTests.swift */; };
		E5BECBDE27E59E1000E3952D /* Array.swift in Sources */ = {isa = PBXBuildFile; fileRef = E5BECBDD27E59E1000E3952D /* Array.swift */; };
		E5BECBE027E5A64B00E3952D /* Entity.swift in Sources */ = {isa = PBXBuildFile; fileRef = E5BECBDF27E5A64B00E3952D /* Entity.swift */; };
		E5BECBE227E5B6EF00E3952D /* String.swift in Sources */ = {isa = PBXBuildFile; fileRef = E5BECBE127E5B6EF00E3952D /* String.swift */; };
		E5BECBE527E5BE1300E3952D /* RuleBuilder.swift in Sources */ = {isa = PBXBuildFile; fileRef = E5BECBE427E5BE1300E3952D /* RuleBuilder.swift */; };
		E5BECBE727E5E68200E3952D /* Behaviour.swift in Sources */ = {isa = PBXBuildFile; fileRef = E5BECBE627E5E68200E3952D /* Behaviour.swift */; };
		E5BECBE927E5E7C700E3952D /* RuleParser.swift in Sources */ = {isa = PBXBuildFile; fileRef = E5BECBE827E5E7C700E3952D /* RuleParser.swift */; };
		E5BECBEB27E5E7E900E3952D /* RuleValidator.swift in Sources */ = {isa = PBXBuildFile; fileRef = E5BECBEA27E5E7E900E3952D /* RuleValidator.swift */; };
		E5BECBED27E5E7FD00E3952D /* RuleEngine.swift in Sources */ = {isa = PBXBuildFile; fileRef = E5BECBEC27E5E7FD00E3952D /* RuleEngine.swift */; };
		E5BECBEF27E5E84200E3952D /* DefaultRules.swift in Sources */ = {isa = PBXBuildFile; fileRef = E5BECBEE27E5E84200E3952D /* DefaultRules.swift */; };
		E5BECBF227E5E8B900E3952D /* Noun.swift in Sources */ = {isa = PBXBuildFile; fileRef = E5BECBF127E5E8B900E3952D /* Noun.swift */; };
		E5BECBF427E5E8BF00E3952D /* Verb.swift in Sources */ = {isa = PBXBuildFile; fileRef = E5BECBF327E5E8BF00E3952D /* Verb.swift */; };
		E5BECBF627E5E8C600E3952D /* Property.swift in Sources */ = {isa = PBXBuildFile; fileRef = E5BECBF527E5E8C600E3952D /* Property.swift */; };
		E5BECBF827E5E8FF00E3952D /* Classification.swift in Sources */ = {isa = PBXBuildFile; fileRef = E5BECBF727E5E8FF00E3952D /* Classification.swift */; };
		E5BECBFA27E5E91200E3952D /* Connective.swift in Sources */ = {isa = PBXBuildFile; fileRef = E5BECBF927E5E91200E3952D /* Connective.swift */; };
/* End PBXBuildFile section */

/* Begin PBXContainerItemProxy section */
		E5BECBD527E599F100E3952D /* PBXContainerItemProxy */ = {
			isa = PBXContainerItemProxy;
			containerPortal = E57ACB1B27DC582300F73B27 /* Project object */;
			proxyType = 1;
			remoteGlobalIDString = E57ACB2227DC582300F73B27;
			remoteInfo = YouHasMe;
		};
/* End PBXContainerItemProxy section */

/* Begin PBXFileReference section */
		1E6B90C327E5B2BF00161E63 /* EntityView.swift */ = {isa = PBXFileReference; lastKnownFileType = sourcecode.swift; path = EntityView.swift; sourceTree = "<group>"; };
		1E6B90C527E5B43F00161E63 /* Entities.swift */ = {isa = PBXFileReference; lastKnownFileType = sourcecode.swift; path = Entities.swift; sourceTree = "<group>"; };
		1E6B90C727E5B4B400161E63 /* LevelDesignerView.swift */ = {isa = PBXFileReference; lastKnownFileType = sourcecode.swift; path = LevelDesignerView.swift; sourceTree = "<group>"; };
		1E6B90C927E5B55100161E63 /* PaletteView.swift */ = {isa = PBXFileReference; lastKnownFileType = sourcecode.swift; path = PaletteView.swift; sourceTree = "<group>"; };
		1E6B90CB27E5B6DE00161E63 /* GameGridView.swift */ = {isa = PBXFileReference; lastKnownFileType = sourcecode.swift; path = GameGridView.swift; sourceTree = "<group>"; };
		1E6B90CD27E5B8AF00161E63 /* LevelDesignerViewModel.swift */ = {isa = PBXFileReference; lastKnownFileType = sourcecode.swift; path = LevelDesignerViewModel.swift; sourceTree = "<group>"; };
		B0A318BC27E62B3100D3B295 /* GameEngine.swift */ = {isa = PBXFileReference; lastKnownFileType = sourcecode.swift; path = GameEngine.swift; sourceTree = "<group>"; };
		B0A318BF27E6338700D3B295 /* EntityAction.swift */ = {isa = PBXFileReference; lastKnownFileType = sourcecode.swift; path = EntityAction.swift; sourceTree = "<group>"; };
		B0A318C127E634C700D3B295 /* BehaviourSystem.swift */ = {isa = PBXFileReference; lastKnownFileType = sourcecode.swift; path = BehaviourSystem.swift; sourceTree = "<group>"; };
		B0A318C327E634DE00D3B295 /* MoveSystem.swift */ = {isa = PBXFileReference; lastKnownFileType = sourcecode.swift; path = MoveSystem.swift; sourceTree = "<group>"; };
		B0A318C527E6357000D3B295 /* UpdateAction.swift */ = {isa = PBXFileReference; lastKnownFileType = sourcecode.swift; path = UpdateAction.swift; sourceTree = "<group>"; };
		40AD869227E6073A00F42C42 /* LevelEditRowView.swift */ = {isa = PBXFileReference; lastKnownFileType = sourcecode.swift; path = LevelEditRowView.swift; sourceTree = "<group>"; };
		40AD869427E60AC400F42C42 /* StorageUtil.swift */ = {isa = PBXFileReference; lastKnownFileType = sourcecode.swift; path = StorageUtil.swift; sourceTree = "<group>"; };
		40AD869827E617B300F42C42 /* GameStorage.swift */ = {isa = PBXFileReference; lastKnownFileType = sourcecode.swift; path = GameStorage.swift; sourceTree = "<group>"; };
		E57ACB2327DC582300F73B27 /* YouHasMe.app */ = {isa = PBXFileReference; explicitFileType = wrapper.application; includeInIndex = 0; path = YouHasMe.app; sourceTree = BUILT_PRODUCTS_DIR; };
		E57ACB2627DC582300F73B27 /* YouHasMeApp.swift */ = {isa = PBXFileReference; lastKnownFileType = sourcecode.swift; path = YouHasMeApp.swift; sourceTree = "<group>"; };
		E57ACB2827DC582300F73B27 /* ContentView.swift */ = {isa = PBXFileReference; lastKnownFileType = sourcecode.swift; path = ContentView.swift; sourceTree = "<group>"; };
		E57ACB2A27DC582500F73B27 /* Assets.xcassets */ = {isa = PBXFileReference; lastKnownFileType = folder.assetcatalog; path = Assets.xcassets; sourceTree = "<group>"; };
		E57ACB2D27DC582500F73B27 /* Preview Assets.xcassets */ = {isa = PBXFileReference; lastKnownFileType = folder.assetcatalog; path = "Preview Assets.xcassets"; sourceTree = "<group>"; };
		E57ACB3527DC58A000F73B27 /* Campaign.swift */ = {isa = PBXFileReference; lastKnownFileType = sourcecode.swift; path = Campaign.swift; sourceTree = "<group>"; };
		E57ACB3727DC58B000F73B27 /* MetaLevel.swift */ = {isa = PBXFileReference; lastKnownFileType = sourcecode.swift; path = MetaLevel.swift; sourceTree = "<group>"; };
		E57ACB3927DC58B800F73B27 /* Connector.swift */ = {isa = PBXFileReference; lastKnownFileType = sourcecode.swift; path = Connector.swift; sourceTree = "<group>"; };
		E57ACB3B27DC58C700F73B27 /* Level.swift */ = {isa = PBXFileReference; lastKnownFileType = sourcecode.swift; path = Level.swift; sourceTree = "<group>"; };
		E57ACB3D27DC58DD00F73B27 /* Condition.swift */ = {isa = PBXFileReference; lastKnownFileType = sourcecode.swift; path = Condition.swift; sourceTree = "<group>"; };
		E57ACB3F27DC675E00F73B27 /* EntityType.swift */ = {isa = PBXFileReference; lastKnownFileType = sourcecode.swift; path = EntityType.swift; sourceTree = "<group>"; };
		E57ACB4127DC677A00F73B27 /* Rule.swift */ = {isa = PBXFileReference; lastKnownFileType = sourcecode.swift; path = Rule.swift; sourceTree = "<group>"; };
		E57ACB4327DC684D00F73B27 /* BidirectionalArray.swift */ = {isa = PBXFileReference; lastKnownFileType = sourcecode.swift; path = BidirectionalArray.swift; sourceTree = "<group>"; };
		E57ACB4527DC948400F73B27 /* Outlet.swift */ = {isa = PBXFileReference; lastKnownFileType = sourcecode.swift; path = Outlet.swift; sourceTree = "<group>"; };
		E5BECBD127E599F100E3952D /* YouHasMeTests.xctest */ = {isa = PBXFileReference; explicitFileType = wrapper.cfbundle; includeInIndex = 0; path = YouHasMeTests.xctest; sourceTree = BUILT_PRODUCTS_DIR; };
		E5BECBD327E599F100E3952D /* YouHasMeTests.swift */ = {isa = PBXFileReference; lastKnownFileType = sourcecode.swift; path = YouHasMeTests.swift; sourceTree = "<group>"; };
		E5BECBDA27E59B2400E3952D /* LevelLayerTests.swift */ = {isa = PBXFileReference; lastKnownFileType = sourcecode.swift; path = LevelLayerTests.swift; sourceTree = "<group>"; };
		E5BECBDD27E59E1000E3952D /* Array.swift */ = {isa = PBXFileReference; lastKnownFileType = sourcecode.swift; path = Array.swift; sourceTree = "<group>"; };
		E5BECBDF27E5A64B00E3952D /* Entity.swift */ = {isa = PBXFileReference; lastKnownFileType = sourcecode.swift; path = Entity.swift; sourceTree = "<group>"; };
		E5BECBE127E5B6EF00E3952D /* String.swift */ = {isa = PBXFileReference; lastKnownFileType = sourcecode.swift; path = String.swift; sourceTree = "<group>"; };
		E5BECBE427E5BE1300E3952D /* RuleBuilder.swift */ = {isa = PBXFileReference; lastKnownFileType = sourcecode.swift; path = RuleBuilder.swift; sourceTree = "<group>"; };
		E5BECBE627E5E68200E3952D /* Behaviour.swift */ = {isa = PBXFileReference; lastKnownFileType = sourcecode.swift; path = Behaviour.swift; sourceTree = "<group>"; };
		E5BECBE827E5E7C700E3952D /* RuleParser.swift */ = {isa = PBXFileReference; lastKnownFileType = sourcecode.swift; path = RuleParser.swift; sourceTree = "<group>"; };
		E5BECBEA27E5E7E900E3952D /* RuleValidator.swift */ = {isa = PBXFileReference; lastKnownFileType = sourcecode.swift; path = RuleValidator.swift; sourceTree = "<group>"; };
		E5BECBEC27E5E7FD00E3952D /* RuleEngine.swift */ = {isa = PBXFileReference; lastKnownFileType = sourcecode.swift; path = RuleEngine.swift; sourceTree = "<group>"; };
		E5BECBEE27E5E84200E3952D /* DefaultRules.swift */ = {isa = PBXFileReference; lastKnownFileType = sourcecode.swift; path = DefaultRules.swift; sourceTree = "<group>"; };
		E5BECBF127E5E8B900E3952D /* Noun.swift */ = {isa = PBXFileReference; lastKnownFileType = sourcecode.swift; path = Noun.swift; sourceTree = "<group>"; };
		E5BECBF327E5E8BF00E3952D /* Verb.swift */ = {isa = PBXFileReference; lastKnownFileType = sourcecode.swift; path = Verb.swift; sourceTree = "<group>"; };
		E5BECBF527E5E8C600E3952D /* Property.swift */ = {isa = PBXFileReference; lastKnownFileType = sourcecode.swift; path = Property.swift; sourceTree = "<group>"; };
		E5BECBF727E5E8FF00E3952D /* Classification.swift */ = {isa = PBXFileReference; lastKnownFileType = sourcecode.swift; path = Classification.swift; sourceTree = "<group>"; };
		E5BECBF927E5E91200E3952D /* Connective.swift */ = {isa = PBXFileReference; lastKnownFileType = sourcecode.swift; path = Connective.swift; sourceTree = "<group>"; };
/* End PBXFileReference section */

/* Begin PBXFrameworksBuildPhase section */
		E57ACB2027DC582300F73B27 /* Frameworks */ = {
			isa = PBXFrameworksBuildPhase;
			buildActionMask = 2147483647;
			files = (
			);
			runOnlyForDeploymentPostprocessing = 0;
		};
		E5BECBCE27E599F100E3952D /* Frameworks */ = {
			isa = PBXFrameworksBuildPhase;
			buildActionMask = 2147483647;
			files = (
			);
			runOnlyForDeploymentPostprocessing = 0;
		};
/* End PBXFrameworksBuildPhase section */

/* Begin PBXGroup section */
		1E6B90C127E5B2A300161E63 /* views */ = {
			isa = PBXGroup;
			children = (
				1E6B90C227E5B2AD00161E63 /* LevelDesigner */,
				1E6B90C527E5B43F00161E63 /* Entities.swift */,
			);
			path = views;
			sourceTree = "<group>";
		};
		1E6B90C227E5B2AD00161E63 /* LevelDesigner */ = {
			isa = PBXGroup;
			children = (
				1E6B90C327E5B2BF00161E63 /* EntityView.swift */,
				1E6B90C727E5B4B400161E63 /* LevelDesignerView.swift */,
				1E6B90C927E5B55100161E63 /* PaletteView.swift */,
				1E6B90CB27E5B6DE00161E63 /* GameGridView.swift */,
				1E6B90CD27E5B8AF00161E63 /* LevelDesignerViewModel.swift */,
				40AD869227E6073A00F42C42 /* LevelEditRowView.swift */,
			);
			path = LevelDesigner;
			sourceTree = "<group>";
		};
		B0A318BE27E632FE00D3B295 /* GameEngine */ = {
			isa = PBXGroup;
			children = (
				B0A318BC27E62B3100D3B295 /* GameEngine.swift */,
				B0A318BF27E6338700D3B295 /* EntityAction.swift */,
				B0A318C127E634C700D3B295 /* BehaviourSystem.swift */,
				B0A318C327E634DE00D3B295 /* MoveSystem.swift */,
				B0A318C527E6357000D3B295 /* UpdateAction.swift */,
			);
			path = GameEngine;
		40AD869127E606F300F42C42 /* storage */ = {
			isa = PBXGroup;
			children = (
				40AD869427E60AC400F42C42 /* StorageUtil.swift */,
				40AD869827E617B300F42C42 /* GameStorage.swift */,
			);
			path = storage;
			sourceTree = "<group>";
		};
		E57ACB1A27DC582300F73B27 = {
			isa = PBXGroup;
			children = (
				E57ACB2527DC582300F73B27 /* YouHasMe */,
				E5BECBD227E599F100E3952D /* YouHasMeTests */,
				E57ACB2427DC582300F73B27 /* Products */,
			);
			sourceTree = "<group>";
		};
		E57ACB2427DC582300F73B27 /* Products */ = {
			isa = PBXGroup;
			children = (
				E57ACB2327DC582300F73B27 /* YouHasMe.app */,
				E5BECBD127E599F100E3952D /* YouHasMeTests.xctest */,
			);
			name = Products;
			sourceTree = "<group>";
		};
		E57ACB2527DC582300F73B27 /* YouHasMe */ = {
			isa = PBXGroup;
			children = (
				40AD869127E606F300F42C42 /* storage */,
				1E6B90C127E5B2A300161E63 /* views */,
				E57ACB3427DC588100F73B27 /* models */,
				E57ACB2627DC582300F73B27 /* YouHasMeApp.swift */,
				E57ACB2827DC582300F73B27 /* ContentView.swift */,
				E57ACB2A27DC582500F73B27 /* Assets.xcassets */,
				E57ACB2C27DC582500F73B27 /* Preview Content */,
			);
			path = YouHasMe;
			sourceTree = "<group>";
		};
		E57ACB2C27DC582500F73B27 /* Preview Content */ = {
			isa = PBXGroup;
			children = (
				E57ACB2D27DC582500F73B27 /* Preview Assets.xcassets */,
			);
			path = "Preview Content";
			sourceTree = "<group>";
		};
		E57ACB3427DC588100F73B27 /* models */ = {
			isa = PBXGroup;
			children = (
				B0A318BE27E632FE00D3B295 /* GameEngine */,
				E5BECBF027E5E87A00E3952D /* entity */,
				E5BECBE327E5BE0200E3952D /* rules */,
				E5BECBDC27E59E0300E3952D /* extensions */,
				E57ACB3527DC58A000F73B27 /* Campaign.swift */,
				E57ACB3D27DC58DD00F73B27 /* Condition.swift */,
				E57ACB3727DC58B000F73B27 /* MetaLevel.swift */,
				E57ACB3927DC58B800F73B27 /* Connector.swift */,
				E57ACB3B27DC58C700F73B27 /* Level.swift */,
				E57ACB4327DC684D00F73B27 /* BidirectionalArray.swift */,
				E57ACB4527DC948400F73B27 /* Outlet.swift */,
				E5BECBE627E5E68200E3952D /* Behaviour.swift */,
			);
			path = models;
			sourceTree = "<group>";
		};
		E5BECBD227E599F100E3952D /* YouHasMeTests */ = {
			isa = PBXGroup;
			children = (
				E5BECBD327E599F100E3952D /* YouHasMeTests.swift */,
				E5BECBDA27E59B2400E3952D /* LevelLayerTests.swift */,
			);
			path = YouHasMeTests;
			sourceTree = "<group>";
		};
		E5BECBDC27E59E0300E3952D /* extensions */ = {
			isa = PBXGroup;
			children = (
				E5BECBDD27E59E1000E3952D /* Array.swift */,
				E5BECBE127E5B6EF00E3952D /* String.swift */,
			);
			path = extensions;
			sourceTree = "<group>";
		};
		E5BECBE327E5BE0200E3952D /* rules */ = {
			isa = PBXGroup;
			children = (
				E57ACB4127DC677A00F73B27 /* Rule.swift */,
				E5BECBE427E5BE1300E3952D /* RuleBuilder.swift */,
				E5BECBE827E5E7C700E3952D /* RuleParser.swift */,
				E5BECBEA27E5E7E900E3952D /* RuleValidator.swift */,
				E5BECBEC27E5E7FD00E3952D /* RuleEngine.swift */,
				E5BECBEE27E5E84200E3952D /* DefaultRules.swift */,
			);
			path = rules;
			sourceTree = "<group>";
		};
		E5BECBF027E5E87A00E3952D /* entity */ = {
			isa = PBXGroup;
			children = (
				E5BECBDF27E5A64B00E3952D /* Entity.swift */,
				E57ACB3F27DC675E00F73B27 /* EntityType.swift */,
				E5BECBF127E5E8B900E3952D /* Noun.swift */,
				E5BECBF327E5E8BF00E3952D /* Verb.swift */,
				E5BECBF527E5E8C600E3952D /* Property.swift */,
				E5BECBF727E5E8FF00E3952D /* Classification.swift */,
				E5BECBF927E5E91200E3952D /* Connective.swift */,
			);
			path = entity;
			sourceTree = "<group>";
		};
/* End PBXGroup section */

/* Begin PBXNativeTarget section */
		E57ACB2227DC582300F73B27 /* YouHasMe */ = {
			isa = PBXNativeTarget;
			buildConfigurationList = E57ACB3127DC582500F73B27 /* Build configuration list for PBXNativeTarget "YouHasMe" */;
			buildPhases = (
				E57ACB1F27DC582300F73B27 /* Sources */,
				E57ACB2027DC582300F73B27 /* Frameworks */,
				E57ACB2127DC582300F73B27 /* Resources */,
				B0F9DEC927E624E5002C0977 /* ShellScript */,
			);
			buildRules = (
			);
			dependencies = (
			);
			name = YouHasMe;
			productName = YouHasMe;
			productReference = E57ACB2327DC582300F73B27 /* YouHasMe.app */;
			productType = "com.apple.product-type.application";
		};
		E5BECBD027E599F100E3952D /* YouHasMeTests */ = {
			isa = PBXNativeTarget;
			buildConfigurationList = E5BECBD927E599F100E3952D /* Build configuration list for PBXNativeTarget "YouHasMeTests" */;
			buildPhases = (
				E5BECBCD27E599F100E3952D /* Sources */,
				E5BECBCE27E599F100E3952D /* Frameworks */,
				E5BECBCF27E599F100E3952D /* Resources */,
			);
			buildRules = (
			);
			dependencies = (
				E5BECBD627E599F100E3952D /* PBXTargetDependency */,
			);
			name = YouHasMeTests;
			productName = YouHasMeTests;
			productReference = E5BECBD127E599F100E3952D /* YouHasMeTests.xctest */;
			productType = "com.apple.product-type.bundle.unit-test";
		};
/* End PBXNativeTarget section */

/* Begin PBXProject section */
		E57ACB1B27DC582300F73B27 /* Project object */ = {
			isa = PBXProject;
			attributes = {
				BuildIndependentTargetsInParallel = 1;
				LastSwiftUpdateCheck = 1320;
				LastUpgradeCheck = 1320;
				TargetAttributes = {
					E57ACB2227DC582300F73B27 = {
						CreatedOnToolsVersion = 13.2.1;
					};
					E5BECBD027E599F100E3952D = {
						CreatedOnToolsVersion = 13.2.1;
						TestTargetID = E57ACB2227DC582300F73B27;
					};
				};
			};
			buildConfigurationList = E57ACB1E27DC582300F73B27 /* Build configuration list for PBXProject "YouHasMe" */;
			compatibilityVersion = "Xcode 13.0";
			developmentRegion = en;
			hasScannedForEncodings = 0;
			knownRegions = (
				en,
				Base,
			);
			mainGroup = E57ACB1A27DC582300F73B27;
			productRefGroup = E57ACB2427DC582300F73B27 /* Products */;
			projectDirPath = "";
			projectRoot = "";
			targets = (
				E57ACB2227DC582300F73B27 /* YouHasMe */,
				E5BECBD027E599F100E3952D /* YouHasMeTests */,
			);
		};
/* End PBXProject section */

/* Begin PBXResourcesBuildPhase section */
		E57ACB2127DC582300F73B27 /* Resources */ = {
			isa = PBXResourcesBuildPhase;
			buildActionMask = 2147483647;
			files = (
				E57ACB2E27DC582500F73B27 /* Preview Assets.xcassets in Resources */,
				E57ACB2B27DC582500F73B27 /* Assets.xcassets in Resources */,
			);
			runOnlyForDeploymentPostprocessing = 0;
		};
		E5BECBCF27E599F100E3952D /* Resources */ = {
			isa = PBXResourcesBuildPhase;
			buildActionMask = 2147483647;
			files = (
			);
			runOnlyForDeploymentPostprocessing = 0;
		};
/* End PBXResourcesBuildPhase section */

/* Begin PBXShellScriptBuildPhase section */
		B0F9DEC927E624E5002C0977 /* ShellScript */ = {
			isa = PBXShellScriptBuildPhase;
			buildActionMask = 2147483647;
			files = (
			);
			inputFileListPaths = (
			);
			inputPaths = (
			);
			outputFileListPaths = (
			);
			outputPaths = (
			);
			runOnlyForDeploymentPostprocessing = 0;
			shellPath = /bin/sh;
			shellScript = "if which swiftlint >/dev/null; then\n  swiftlint --fix && swiftlint --lenient\nelse\n  echo \"warning: SwiftLint not installed, download from https://github.com/realm/SwiftLint\"\nfi\n";
		};
/* End PBXShellScriptBuildPhase section */

/* Begin PBXSourcesBuildPhase section */
		E57ACB1F27DC582300F73B27 /* Sources */ = {
			isa = PBXSourcesBuildPhase;
			buildActionMask = 2147483647;
			files = (
				E5BECBF427E5E8BF00E3952D /* Verb.swift in Sources */,
				E57ACB3E27DC58DD00F73B27 /* Condition.swift in Sources */,
				40AD869327E6073A00F42C42 /* LevelEditRowView.swift in Sources */,
				E5BECBED27E5E7FD00E3952D /* RuleEngine.swift in Sources */,
				E57ACB3C27DC58C700F73B27 /* Level.swift in Sources */,
				E57ACB2927DC582300F73B27 /* ContentView.swift in Sources */,
				E5BECBE527E5BE1300E3952D /* RuleBuilder.swift in Sources */,
				B0A318C627E6357000D3B295 /* UpdateAction.swift in Sources */,
				E57ACB4227DC677A00F73B27 /* Rule.swift in Sources */,
				40AD869527E60AC400F42C42 /* StorageUtil.swift in Sources */,
				E5BECBE927E5E7C700E3952D /* RuleParser.swift in Sources */,
				E5BECBE227E5B6EF00E3952D /* String.swift in Sources */,
				E57ACB3827DC58B000F73B27 /* MetaLevel.swift in Sources */,
				E5BECBFA27E5E91200E3952D /* Connective.swift in Sources */,
				1E6B90C627E5B43F00161E63 /* Entities.swift in Sources */,
				E57ACB4427DC684D00F73B27 /* BidirectionalArray.swift in Sources */,
				E5BECBEF27E5E84200E3952D /* DefaultRules.swift in Sources */,
				E57ACB4627DC948400F73B27 /* Outlet.swift in Sources */,
				1E6B90CE27E5B8AF00161E63 /* LevelDesignerViewModel.swift in Sources */,
				E5BECBEB27E5E7E900E3952D /* RuleValidator.swift in Sources */,
				E5BECBF627E5E8C600E3952D /* Property.swift in Sources */,
				1E6B90CC27E5B6DE00161E63 /* GameGridView.swift in Sources */,
				1E6B90C827E5B4B400161E63 /* LevelDesignerView.swift in Sources */,
				1E6B90C427E5B2BF00161E63 /* EntityView.swift in Sources */,
				1E6B90CA27E5B55100161E63 /* PaletteView.swift in Sources */,
				E57ACB4027DC675E00F73B27 /* EntityType.swift in Sources */,
				E57ACB3627DC58A000F73B27 /* Campaign.swift in Sources */,
				B0A318C227E634C700D3B295 /* BehaviourSystem.swift in Sources */,
				E5BECBE727E5E68200E3952D /* Behaviour.swift in Sources */,
				E5BECBDE27E59E1000E3952D /* Array.swift in Sources */,
				E5BECBF227E5E8B900E3952D /* Noun.swift in Sources */,
				B0A318C427E634DE00D3B295 /* MoveSystem.swift in Sources */,
				B0A318BD27E62B3100D3B295 /* GameEngine.swift in Sources */,
				40AD869927E617B300F42C42 /* GameStorage.swift in Sources */,
				E5BECBE027E5A64B00E3952D /* Entity.swift in Sources */,
				E57ACB3A27DC58B800F73B27 /* Connector.swift in Sources */,
				E57ACB2727DC582300F73B27 /* YouHasMeApp.swift in Sources */,
				E5BECBF827E5E8FF00E3952D /* Classification.swift in Sources */,
				B0A318C027E6338700D3B295 /* EntityAction.swift in Sources */,
			);
			runOnlyForDeploymentPostprocessing = 0;
		};
		E5BECBCD27E599F100E3952D /* Sources */ = {
			isa = PBXSourcesBuildPhase;
			buildActionMask = 2147483647;
			files = (
				E5BECBDB27E59B2400E3952D /* LevelLayerTests.swift in Sources */,
				E5BECBD427E599F100E3952D /* YouHasMeTests.swift in Sources */,
			);
			runOnlyForDeploymentPostprocessing = 0;
		};
/* End PBXSourcesBuildPhase section */

/* Begin PBXTargetDependency section */
		E5BECBD627E599F100E3952D /* PBXTargetDependency */ = {
			isa = PBXTargetDependency;
			target = E57ACB2227DC582300F73B27 /* YouHasMe */;
			targetProxy = E5BECBD527E599F100E3952D /* PBXContainerItemProxy */;
		};
/* End PBXTargetDependency section */

/* Begin XCBuildConfiguration section */
		E57ACB2F27DC582500F73B27 /* Debug */ = {
			isa = XCBuildConfiguration;
			buildSettings = {
				ALWAYS_SEARCH_USER_PATHS = NO;
				CLANG_ANALYZER_NONNULL = YES;
				CLANG_ANALYZER_NUMBER_OBJECT_CONVERSION = YES_AGGRESSIVE;
				CLANG_CXX_LANGUAGE_STANDARD = "gnu++17";
				CLANG_CXX_LIBRARY = "libc++";
				CLANG_ENABLE_MODULES = YES;
				CLANG_ENABLE_OBJC_ARC = YES;
				CLANG_ENABLE_OBJC_WEAK = YES;
				CLANG_WARN_BLOCK_CAPTURE_AUTORELEASING = YES;
				CLANG_WARN_BOOL_CONVERSION = YES;
				CLANG_WARN_COMMA = YES;
				CLANG_WARN_CONSTANT_CONVERSION = YES;
				CLANG_WARN_DEPRECATED_OBJC_IMPLEMENTATIONS = YES;
				CLANG_WARN_DIRECT_OBJC_ISA_USAGE = YES_ERROR;
				CLANG_WARN_DOCUMENTATION_COMMENTS = YES;
				CLANG_WARN_EMPTY_BODY = YES;
				CLANG_WARN_ENUM_CONVERSION = YES;
				CLANG_WARN_INFINITE_RECURSION = YES;
				CLANG_WARN_INT_CONVERSION = YES;
				CLANG_WARN_NON_LITERAL_NULL_CONVERSION = YES;
				CLANG_WARN_OBJC_IMPLICIT_RETAIN_SELF = YES;
				CLANG_WARN_OBJC_LITERAL_CONVERSION = YES;
				CLANG_WARN_OBJC_ROOT_CLASS = YES_ERROR;
				CLANG_WARN_QUOTED_INCLUDE_IN_FRAMEWORK_HEADER = YES;
				CLANG_WARN_RANGE_LOOP_ANALYSIS = YES;
				CLANG_WARN_STRICT_PROTOTYPES = YES;
				CLANG_WARN_SUSPICIOUS_MOVE = YES;
				CLANG_WARN_UNGUARDED_AVAILABILITY = YES_AGGRESSIVE;
				CLANG_WARN_UNREACHABLE_CODE = YES;
				CLANG_WARN__DUPLICATE_METHOD_MATCH = YES;
				COPY_PHASE_STRIP = NO;
				DEBUG_INFORMATION_FORMAT = dwarf;
				ENABLE_STRICT_OBJC_MSGSEND = YES;
				ENABLE_TESTABILITY = YES;
				GCC_C_LANGUAGE_STANDARD = gnu11;
				GCC_DYNAMIC_NO_PIC = NO;
				GCC_NO_COMMON_BLOCKS = YES;
				GCC_OPTIMIZATION_LEVEL = 0;
				GCC_PREPROCESSOR_DEFINITIONS = (
					"DEBUG=1",
					"$(inherited)",
				);
				GCC_WARN_64_TO_32_BIT_CONVERSION = YES;
				GCC_WARN_ABOUT_RETURN_TYPE = YES_ERROR;
				GCC_WARN_UNDECLARED_SELECTOR = YES;
				GCC_WARN_UNINITIALIZED_AUTOS = YES_AGGRESSIVE;
				GCC_WARN_UNUSED_FUNCTION = YES;
				GCC_WARN_UNUSED_VARIABLE = YES;
				IPHONEOS_DEPLOYMENT_TARGET = 15.2;
				MTL_ENABLE_DEBUG_INFO = INCLUDE_SOURCE;
				MTL_FAST_MATH = YES;
				ONLY_ACTIVE_ARCH = YES;
				SDKROOT = iphoneos;
				SWIFT_ACTIVE_COMPILATION_CONDITIONS = DEBUG;
				SWIFT_OPTIMIZATION_LEVEL = "-Onone";
			};
			name = Debug;
		};
		E57ACB3027DC582500F73B27 /* Release */ = {
			isa = XCBuildConfiguration;
			buildSettings = {
				ALWAYS_SEARCH_USER_PATHS = NO;
				CLANG_ANALYZER_NONNULL = YES;
				CLANG_ANALYZER_NUMBER_OBJECT_CONVERSION = YES_AGGRESSIVE;
				CLANG_CXX_LANGUAGE_STANDARD = "gnu++17";
				CLANG_CXX_LIBRARY = "libc++";
				CLANG_ENABLE_MODULES = YES;
				CLANG_ENABLE_OBJC_ARC = YES;
				CLANG_ENABLE_OBJC_WEAK = YES;
				CLANG_WARN_BLOCK_CAPTURE_AUTORELEASING = YES;
				CLANG_WARN_BOOL_CONVERSION = YES;
				CLANG_WARN_COMMA = YES;
				CLANG_WARN_CONSTANT_CONVERSION = YES;
				CLANG_WARN_DEPRECATED_OBJC_IMPLEMENTATIONS = YES;
				CLANG_WARN_DIRECT_OBJC_ISA_USAGE = YES_ERROR;
				CLANG_WARN_DOCUMENTATION_COMMENTS = YES;
				CLANG_WARN_EMPTY_BODY = YES;
				CLANG_WARN_ENUM_CONVERSION = YES;
				CLANG_WARN_INFINITE_RECURSION = YES;
				CLANG_WARN_INT_CONVERSION = YES;
				CLANG_WARN_NON_LITERAL_NULL_CONVERSION = YES;
				CLANG_WARN_OBJC_IMPLICIT_RETAIN_SELF = YES;
				CLANG_WARN_OBJC_LITERAL_CONVERSION = YES;
				CLANG_WARN_OBJC_ROOT_CLASS = YES_ERROR;
				CLANG_WARN_QUOTED_INCLUDE_IN_FRAMEWORK_HEADER = YES;
				CLANG_WARN_RANGE_LOOP_ANALYSIS = YES;
				CLANG_WARN_STRICT_PROTOTYPES = YES;
				CLANG_WARN_SUSPICIOUS_MOVE = YES;
				CLANG_WARN_UNGUARDED_AVAILABILITY = YES_AGGRESSIVE;
				CLANG_WARN_UNREACHABLE_CODE = YES;
				CLANG_WARN__DUPLICATE_METHOD_MATCH = YES;
				COPY_PHASE_STRIP = NO;
				DEBUG_INFORMATION_FORMAT = "dwarf-with-dsym";
				ENABLE_NS_ASSERTIONS = NO;
				ENABLE_STRICT_OBJC_MSGSEND = YES;
				GCC_C_LANGUAGE_STANDARD = gnu11;
				GCC_NO_COMMON_BLOCKS = YES;
				GCC_WARN_64_TO_32_BIT_CONVERSION = YES;
				GCC_WARN_ABOUT_RETURN_TYPE = YES_ERROR;
				GCC_WARN_UNDECLARED_SELECTOR = YES;
				GCC_WARN_UNINITIALIZED_AUTOS = YES_AGGRESSIVE;
				GCC_WARN_UNUSED_FUNCTION = YES;
				GCC_WARN_UNUSED_VARIABLE = YES;
				IPHONEOS_DEPLOYMENT_TARGET = 15.2;
				MTL_ENABLE_DEBUG_INFO = NO;
				MTL_FAST_MATH = YES;
				SDKROOT = iphoneos;
				SWIFT_COMPILATION_MODE = wholemodule;
				SWIFT_OPTIMIZATION_LEVEL = "-O";
				VALIDATE_PRODUCT = YES;
			};
			name = Release;
		};
		E57ACB3227DC582500F73B27 /* Debug */ = {
			isa = XCBuildConfiguration;
			buildSettings = {
				ASSETCATALOG_COMPILER_APPICON_NAME = AppIcon;
				ASSETCATALOG_COMPILER_GLOBAL_ACCENT_COLOR_NAME = AccentColor;
				CODE_SIGN_STYLE = Automatic;
				CURRENT_PROJECT_VERSION = 1;
				DEVELOPMENT_ASSET_PATHS = "\"YouHasMe/Preview Content\"";
				DEVELOPMENT_TEAM = 3L5QJ3M5M9;
				ENABLE_PREVIEWS = YES;
				GENERATE_INFOPLIST_FILE = YES;
				INFOPLIST_KEY_UIApplicationSceneManifest_Generation = YES;
				INFOPLIST_KEY_UIApplicationSupportsIndirectInputEvents = YES;
				INFOPLIST_KEY_UILaunchScreen_Generation = YES;
				INFOPLIST_KEY_UISupportedInterfaceOrientations_iPad = "UIInterfaceOrientationPortrait UIInterfaceOrientationPortraitUpsideDown UIInterfaceOrientationLandscapeLeft UIInterfaceOrientationLandscapeRight";
				INFOPLIST_KEY_UISupportedInterfaceOrientations_iPhone = "UIInterfaceOrientationPortrait UIInterfaceOrientationLandscapeLeft UIInterfaceOrientationLandscapeRight";
				LD_RUNPATH_SEARCH_PATHS = (
					"$(inherited)",
					"@executable_path/Frameworks",
				);
				MARKETING_VERSION = 1.0;
				PRODUCT_BUNDLE_IDENTIFIER = YouHasMe;
				PRODUCT_NAME = "$(TARGET_NAME)";
				SWIFT_EMIT_LOC_STRINGS = YES;
				SWIFT_VERSION = 5.0;
				TARGETED_DEVICE_FAMILY = "1,2";
			};
			name = Debug;
		};
		E57ACB3327DC582500F73B27 /* Release */ = {
			isa = XCBuildConfiguration;
			buildSettings = {
				ASSETCATALOG_COMPILER_APPICON_NAME = AppIcon;
				ASSETCATALOG_COMPILER_GLOBAL_ACCENT_COLOR_NAME = AccentColor;
				CODE_SIGN_STYLE = Automatic;
				CURRENT_PROJECT_VERSION = 1;
				DEVELOPMENT_ASSET_PATHS = "\"YouHasMe/Preview Content\"";
				DEVELOPMENT_TEAM = 3L5QJ3M5M9;
				ENABLE_PREVIEWS = YES;
				GENERATE_INFOPLIST_FILE = YES;
				INFOPLIST_KEY_UIApplicationSceneManifest_Generation = YES;
				INFOPLIST_KEY_UIApplicationSupportsIndirectInputEvents = YES;
				INFOPLIST_KEY_UILaunchScreen_Generation = YES;
				INFOPLIST_KEY_UISupportedInterfaceOrientations_iPad = "UIInterfaceOrientationPortrait UIInterfaceOrientationPortraitUpsideDown UIInterfaceOrientationLandscapeLeft UIInterfaceOrientationLandscapeRight";
				INFOPLIST_KEY_UISupportedInterfaceOrientations_iPhone = "UIInterfaceOrientationPortrait UIInterfaceOrientationLandscapeLeft UIInterfaceOrientationLandscapeRight";
				LD_RUNPATH_SEARCH_PATHS = (
					"$(inherited)",
					"@executable_path/Frameworks",
				);
				MARKETING_VERSION = 1.0;
				PRODUCT_BUNDLE_IDENTIFIER = YouHasMe;
				PRODUCT_NAME = "$(TARGET_NAME)";
				SWIFT_EMIT_LOC_STRINGS = YES;
				SWIFT_VERSION = 5.0;
				TARGETED_DEVICE_FAMILY = "1,2";
			};
			name = Release;
		};
		E5BECBD727E599F100E3952D /* Debug */ = {
			isa = XCBuildConfiguration;
			buildSettings = {
				BUNDLE_LOADER = "$(TEST_HOST)";
				CODE_SIGN_STYLE = Automatic;
				CURRENT_PROJECT_VERSION = 1;
				GENERATE_INFOPLIST_FILE = YES;
				MARKETING_VERSION = 1.0;
				PRODUCT_BUNDLE_IDENTIFIER = sunjc826.YouHasMeTests;
				PRODUCT_NAME = "$(TARGET_NAME)";
				SWIFT_EMIT_LOC_STRINGS = NO;
				SWIFT_VERSION = 5.0;
				TARGETED_DEVICE_FAMILY = "1,2";
				TEST_HOST = "$(BUILT_PRODUCTS_DIR)/YouHasMe.app/YouHasMe";
			};
			name = Debug;
		};
		E5BECBD827E599F100E3952D /* Release */ = {
			isa = XCBuildConfiguration;
			buildSettings = {
				BUNDLE_LOADER = "$(TEST_HOST)";
				CODE_SIGN_STYLE = Automatic;
				CURRENT_PROJECT_VERSION = 1;
				GENERATE_INFOPLIST_FILE = YES;
				MARKETING_VERSION = 1.0;
				PRODUCT_BUNDLE_IDENTIFIER = sunjc826.YouHasMeTests;
				PRODUCT_NAME = "$(TARGET_NAME)";
				SWIFT_EMIT_LOC_STRINGS = NO;
				SWIFT_VERSION = 5.0;
				TARGETED_DEVICE_FAMILY = "1,2";
				TEST_HOST = "$(BUILT_PRODUCTS_DIR)/YouHasMe.app/YouHasMe";
			};
			name = Release;
		};
/* End XCBuildConfiguration section */

/* Begin XCConfigurationList section */
		E57ACB1E27DC582300F73B27 /* Build configuration list for PBXProject "YouHasMe" */ = {
			isa = XCConfigurationList;
			buildConfigurations = (
				E57ACB2F27DC582500F73B27 /* Debug */,
				E57ACB3027DC582500F73B27 /* Release */,
			);
			defaultConfigurationIsVisible = 0;
			defaultConfigurationName = Release;
		};
		E57ACB3127DC582500F73B27 /* Build configuration list for PBXNativeTarget "YouHasMe" */ = {
			isa = XCConfigurationList;
			buildConfigurations = (
				E57ACB3227DC582500F73B27 /* Debug */,
				E57ACB3327DC582500F73B27 /* Release */,
			);
			defaultConfigurationIsVisible = 0;
			defaultConfigurationName = Release;
		};
		E5BECBD927E599F100E3952D /* Build configuration list for PBXNativeTarget "YouHasMeTests" */ = {
			isa = XCConfigurationList;
			buildConfigurations = (
				E5BECBD727E599F100E3952D /* Debug */,
				E5BECBD827E599F100E3952D /* Release */,
			);
			defaultConfigurationIsVisible = 0;
			defaultConfigurationName = Release;
		};
/* End XCConfigurationList section */
	};
	rootObject = E57ACB1B27DC582300F73B27 /* Project object */;
}
